// !$*UTF8*$!
{
	archiveVersion = 1;
	classes = {
	};
	objectVersion = 56;
	objects = {

/* Begin PBXBuildFile section */
		2804615FF0CAFD7627BE3834 /* Pods_UMC_Mission_Week6Tests.framework in Frameworks */ = {isa = PBXBuildFile; fileRef = 85AC3351AA7B4ABDDC1C7258 /* Pods_UMC_Mission_Week6Tests.framework */; };
		2961CB612AF9BFAF0065D9D4 /* APIManager.swift in Sources */ = {isa = PBXBuildFile; fileRef = 2961CB602AF9BFAF0065D9D4 /* APIManager.swift */; };
		2961CB632AF9C0DB0065D9D4 /* APIInput.swift in Sources */ = {isa = PBXBuildFile; fileRef = 2961CB622AF9C0DB0065D9D4 /* APIInput.swift */; };
		2961CB672AF9C17B0065D9D4 /* CatModel.swift in Sources */ = {isa = PBXBuildFile; fileRef = 2961CB662AF9C17B0065D9D4 /* CatModel.swift */; };
		29E4C86A2AF91C860099A3D1 /* AppDelegate.swift in Sources */ = {isa = PBXBuildFile; fileRef = 29E4C8692AF91C860099A3D1 /* AppDelegate.swift */; };
		29E4C86C2AF91C860099A3D1 /* SceneDelegate.swift in Sources */ = {isa = PBXBuildFile; fileRef = 29E4C86B2AF91C860099A3D1 /* SceneDelegate.swift */; };
		29E4C86E2AF91C860099A3D1 /* ViewController.swift in Sources */ = {isa = PBXBuildFile; fileRef = 29E4C86D2AF91C860099A3D1 /* ViewController.swift */; };
		29E4C8712AF91C860099A3D1 /* Main.storyboard in Resources */ = {isa = PBXBuildFile; fileRef = 29E4C86F2AF91C860099A3D1 /* Main.storyboard */; };
		29E4C8732AF91C870099A3D1 /* Assets.xcassets in Resources */ = {isa = PBXBuildFile; fileRef = 29E4C8722AF91C870099A3D1 /* Assets.xcassets */; };
		29E4C8762AF91C870099A3D1 /* LaunchScreen.storyboard in Resources */ = {isa = PBXBuildFile; fileRef = 29E4C8742AF91C870099A3D1 /* LaunchScreen.storyboard */; };
		29E4C8812AF91C870099A3D1 /* UMC_Mission_Week6Tests.swift in Sources */ = {isa = PBXBuildFile; fileRef = 29E4C8802AF91C870099A3D1 /* UMC_Mission_Week6Tests.swift */; };
		29E4C88B2AF91C870099A3D1 /* UMC_Mission_Week6UITests.swift in Sources */ = {isa = PBXBuildFile; fileRef = 29E4C88A2AF91C870099A3D1 /* UMC_Mission_Week6UITests.swift */; };
		29E4C88D2AF91C870099A3D1 /* UMC_Mission_Week6UITestsLaunchTests.swift in Sources */ = {isa = PBXBuildFile; fileRef = 29E4C88C2AF91C870099A3D1 /* UMC_Mission_Week6UITestsLaunchTests.swift */; };
		29E4C8A52AF9BC5C0099A3D1 /* CatTableViewCell.swift in Sources */ = {isa = PBXBuildFile; fileRef = 29E4C8A32AF9BC5C0099A3D1 /* CatTableViewCell.swift */; };
		29E4C8A62AF9BC5C0099A3D1 /* CatTableViewCell.xib in Resources */ = {isa = PBXBuildFile; fileRef = 29E4C8A42AF9BC5C0099A3D1 /* CatTableViewCell.xib */; };
		A7007BBB8B8EEB1DB9D7EAA9 /* Pods_UMC_Mission_Week6_UMC_Mission_Week6UITests.framework in Frameworks */ = {isa = PBXBuildFile; fileRef = 488EE25DC7CAD06A2E3B960E /* Pods_UMC_Mission_Week6_UMC_Mission_Week6UITests.framework */; };
		FB4045E20D808FD76B79C104 /* Pods_UMC_Mission_Week6.framework in Frameworks */ = {isa = PBXBuildFile; fileRef = 63F1D4AA075A6D70DCC923F3 /* Pods_UMC_Mission_Week6.framework */; };
/* End PBXBuildFile section */

/* Begin PBXContainerItemProxy section */
		29E4C87D2AF91C870099A3D1 /* PBXContainerItemProxy */ = {
			isa = PBXContainerItemProxy;
			containerPortal = 29E4C85E2AF91C860099A3D1 /* Project object */;
			proxyType = 1;
			remoteGlobalIDString = 29E4C8652AF91C860099A3D1;
			remoteInfo = "UMC-Mission-Week6";
		};
		29E4C8872AF91C870099A3D1 /* PBXContainerItemProxy */ = {
			isa = PBXContainerItemProxy;
			containerPortal = 29E4C85E2AF91C860099A3D1 /* Project object */;
			proxyType = 1;
			remoteGlobalIDString = 29E4C8652AF91C860099A3D1;
			remoteInfo = "UMC-Mission-Week6";
		};
/* End PBXContainerItemProxy section */

/* Begin PBXFileReference section */
		1AA384937AE53716442E95E9 /* Pods-UMC-Mission-Week6-UMC-Mission-Week6UITests.debug.xcconfig */ = {isa = PBXFileReference; includeInIndex = 1; lastKnownFileType = text.xcconfig; name = "Pods-UMC-Mission-Week6-UMC-Mission-Week6UITests.debug.xcconfig"; path = "Target Support Files/Pods-UMC-Mission-Week6-UMC-Mission-Week6UITests/Pods-UMC-Mission-Week6-UMC-Mission-Week6UITests.debug.xcconfig"; sourceTree = "<group>"; };
		23454497D3FFEF90FFCD8418 /* Pods-UMC-Mission-Week6.release.xcconfig */ = {isa = PBXFileReference; includeInIndex = 1; lastKnownFileType = text.xcconfig; name = "Pods-UMC-Mission-Week6.release.xcconfig"; path = "Target Support Files/Pods-UMC-Mission-Week6/Pods-UMC-Mission-Week6.release.xcconfig"; sourceTree = "<group>"; };
		2961CB602AF9BFAF0065D9D4 /* APIManager.swift */ = {isa = PBXFileReference; lastKnownFileType = sourcecode.swift; path = APIManager.swift; sourceTree = "<group>"; };
		2961CB622AF9C0DB0065D9D4 /* APIInput.swift */ = {isa = PBXFileReference; lastKnownFileType = sourcecode.swift; path = APIInput.swift; sourceTree = "<group>"; };
		2961CB662AF9C17B0065D9D4 /* CatModel.swift */ = {isa = PBXFileReference; lastKnownFileType = sourcecode.swift; path = CatModel.swift; sourceTree = "<group>"; };
		29E4C8662AF91C860099A3D1 /* UMC-Mission-Week6.app */ = {isa = PBXFileReference; explicitFileType = wrapper.application; includeInIndex = 0; path = "UMC-Mission-Week6.app"; sourceTree = BUILT_PRODUCTS_DIR; };
		29E4C8692AF91C860099A3D1 /* AppDelegate.swift */ = {isa = PBXFileReference; lastKnownFileType = sourcecode.swift; path = AppDelegate.swift; sourceTree = "<group>"; };
		29E4C86B2AF91C860099A3D1 /* SceneDelegate.swift */ = {isa = PBXFileReference; lastKnownFileType = sourcecode.swift; path = SceneDelegate.swift; sourceTree = "<group>"; };
		29E4C86D2AF91C860099A3D1 /* ViewController.swift */ = {isa = PBXFileReference; lastKnownFileType = sourcecode.swift; path = ViewController.swift; sourceTree = "<group>"; };
		29E4C8702AF91C860099A3D1 /* Base */ = {isa = PBXFileReference; lastKnownFileType = file.storyboard; name = Base; path = Base.lproj/Main.storyboard; sourceTree = "<group>"; };
		29E4C8722AF91C870099A3D1 /* Assets.xcassets */ = {isa = PBXFileReference; lastKnownFileType = folder.assetcatalog; path = Assets.xcassets; sourceTree = "<group>"; };
		29E4C8752AF91C870099A3D1 /* Base */ = {isa = PBXFileReference; lastKnownFileType = file.storyboard; name = Base; path = Base.lproj/LaunchScreen.storyboard; sourceTree = "<group>"; };
		29E4C8772AF91C870099A3D1 /* Info.plist */ = {isa = PBXFileReference; lastKnownFileType = text.plist.xml; path = Info.plist; sourceTree = "<group>"; };
		29E4C87C2AF91C870099A3D1 /* UMC-Mission-Week6Tests.xctest */ = {isa = PBXFileReference; explicitFileType = wrapper.cfbundle; includeInIndex = 0; path = "UMC-Mission-Week6Tests.xctest"; sourceTree = BUILT_PRODUCTS_DIR; };
		29E4C8802AF91C870099A3D1 /* UMC_Mission_Week6Tests.swift */ = {isa = PBXFileReference; lastKnownFileType = sourcecode.swift; path = UMC_Mission_Week6Tests.swift; sourceTree = "<group>"; };
		29E4C8862AF91C870099A3D1 /* UMC-Mission-Week6UITests.xctest */ = {isa = PBXFileReference; explicitFileType = wrapper.cfbundle; includeInIndex = 0; path = "UMC-Mission-Week6UITests.xctest"; sourceTree = BUILT_PRODUCTS_DIR; };
		29E4C88A2AF91C870099A3D1 /* UMC_Mission_Week6UITests.swift */ = {isa = PBXFileReference; lastKnownFileType = sourcecode.swift; path = UMC_Mission_Week6UITests.swift; sourceTree = "<group>"; };
		29E4C88C2AF91C870099A3D1 /* UMC_Mission_Week6UITestsLaunchTests.swift */ = {isa = PBXFileReference; lastKnownFileType = sourcecode.swift; path = UMC_Mission_Week6UITestsLaunchTests.swift; sourceTree = "<group>"; };
		29E4C8A32AF9BC5C0099A3D1 /* CatTableViewCell.swift */ = {isa = PBXFileReference; lastKnownFileType = sourcecode.swift; path = CatTableViewCell.swift; sourceTree = "<group>"; };
		29E4C8A42AF9BC5C0099A3D1 /* CatTableViewCell.xib */ = {isa = PBXFileReference; lastKnownFileType = file.xib; path = CatTableViewCell.xib; sourceTree = "<group>"; };
		30AAEBA8111657A0D5AD477E /* Pods-UMC-Mission-Week6Tests.release.xcconfig */ = {isa = PBXFileReference; includeInIndex = 1; lastKnownFileType = text.xcconfig; name = "Pods-UMC-Mission-Week6Tests.release.xcconfig"; path = "Target Support Files/Pods-UMC-Mission-Week6Tests/Pods-UMC-Mission-Week6Tests.release.xcconfig"; sourceTree = "<group>"; };
		488EE25DC7CAD06A2E3B960E /* Pods_UMC_Mission_Week6_UMC_Mission_Week6UITests.framework */ = {isa = PBXFileReference; explicitFileType = wrapper.framework; includeInIndex = 0; path = Pods_UMC_Mission_Week6_UMC_Mission_Week6UITests.framework; sourceTree = BUILT_PRODUCTS_DIR; };
		5CBB554BA0BA3B226922C73A /* Pods-UMC-Mission-Week6-UMC-Mission-Week6UITests.release.xcconfig */ = {isa = PBXFileReference; includeInIndex = 1; lastKnownFileType = text.xcconfig; name = "Pods-UMC-Mission-Week6-UMC-Mission-Week6UITests.release.xcconfig"; path = "Target Support Files/Pods-UMC-Mission-Week6-UMC-Mission-Week6UITests/Pods-UMC-Mission-Week6-UMC-Mission-Week6UITests.release.xcconfig"; sourceTree = "<group>"; };
		63F1D4AA075A6D70DCC923F3 /* Pods_UMC_Mission_Week6.framework */ = {isa = PBXFileReference; explicitFileType = wrapper.framework; includeInIndex = 0; path = Pods_UMC_Mission_Week6.framework; sourceTree = BUILT_PRODUCTS_DIR; };
		85AC3351AA7B4ABDDC1C7258 /* Pods_UMC_Mission_Week6Tests.framework */ = {isa = PBXFileReference; explicitFileType = wrapper.framework; includeInIndex = 0; path = Pods_UMC_Mission_Week6Tests.framework; sourceTree = BUILT_PRODUCTS_DIR; };
		B414CC76B8F5639AFFAB95A0 /* Pods-UMC-Mission-Week6Tests.debug.xcconfig */ = {isa = PBXFileReference; includeInIndex = 1; lastKnownFileType = text.xcconfig; name = "Pods-UMC-Mission-Week6Tests.debug.xcconfig"; path = "Target Support Files/Pods-UMC-Mission-Week6Tests/Pods-UMC-Mission-Week6Tests.debug.xcconfig"; sourceTree = "<group>"; };
		F144408914041BE58E5C1A23 /* Pods-UMC-Mission-Week6.debug.xcconfig */ = {isa = PBXFileReference; includeInIndex = 1; lastKnownFileType = text.xcconfig; name = "Pods-UMC-Mission-Week6.debug.xcconfig"; path = "Target Support Files/Pods-UMC-Mission-Week6/Pods-UMC-Mission-Week6.debug.xcconfig"; sourceTree = "<group>"; };
/* End PBXFileReference section */

/* Begin PBXFrameworksBuildPhase section */
		29E4C8632AF91C860099A3D1 /* Frameworks */ = {
			isa = PBXFrameworksBuildPhase;
			buildActionMask = 2147483647;
			files = (
				FB4045E20D808FD76B79C104 /* Pods_UMC_Mission_Week6.framework in Frameworks */,
			);
			runOnlyForDeploymentPostprocessing = 0;
		};
		29E4C8792AF91C870099A3D1 /* Frameworks */ = {
			isa = PBXFrameworksBuildPhase;
			buildActionMask = 2147483647;
			files = (
				2804615FF0CAFD7627BE3834 /* Pods_UMC_Mission_Week6Tests.framework in Frameworks */,
			);
			runOnlyForDeploymentPostprocessing = 0;
		};
		29E4C8832AF91C870099A3D1 /* Frameworks */ = {
			isa = PBXFrameworksBuildPhase;
			buildActionMask = 2147483647;
			files = (
				A7007BBB8B8EEB1DB9D7EAA9 /* Pods_UMC_Mission_Week6_UMC_Mission_Week6UITests.framework in Frameworks */,
			);
			runOnlyForDeploymentPostprocessing = 0;
		};
/* End PBXFrameworksBuildPhase section */

/* Begin PBXGroup section */
		2961CB5F2AF9BF9D0065D9D4 /* API */ = {
			isa = PBXGroup;
			children = (
				2961CB602AF9BFAF0065D9D4 /* APIManager.swift */,
				2961CB622AF9C0DB0065D9D4 /* APIInput.swift */,
				2961CB662AF9C17B0065D9D4 /* CatModel.swift */,
			);
			path = API;
			sourceTree = "<group>";
		};
		29E4C85D2AF91C860099A3D1 = {
			isa = PBXGroup;
			children = (
				29E4C8682AF91C860099A3D1 /* UMC-Mission-Week6 */,
				29E4C87F2AF91C870099A3D1 /* UMC-Mission-Week6Tests */,
				29E4C8892AF91C870099A3D1 /* UMC-Mission-Week6UITests */,
				29E4C8672AF91C860099A3D1 /* Products */,
				892F9C6BC86B7B6652288232 /* Pods */,
				C3A8E1AA14018160D868D02B /* Frameworks */,
			);
			sourceTree = "<group>";
		};
		29E4C8672AF91C860099A3D1 /* Products */ = {
			isa = PBXGroup;
			children = (
				29E4C8662AF91C860099A3D1 /* UMC-Mission-Week6.app */,
				29E4C87C2AF91C870099A3D1 /* UMC-Mission-Week6Tests.xctest */,
				29E4C8862AF91C870099A3D1 /* UMC-Mission-Week6UITests.xctest */,
			);
			name = Products;
			sourceTree = "<group>";
		};
		29E4C8682AF91C860099A3D1 /* UMC-Mission-Week6 */ = {
			isa = PBXGroup;
			children = (
				2961CB5F2AF9BF9D0065D9D4 /* API */,
				29E4C8992AF91DA40099A3D1 /* Cell */,
				29E4C8692AF91C860099A3D1 /* AppDelegate.swift */,
				29E4C86B2AF91C860099A3D1 /* SceneDelegate.swift */,
				29E4C86D2AF91C860099A3D1 /* ViewController.swift */,
				29E4C86F2AF91C860099A3D1 /* Main.storyboard */,
				29E4C8722AF91C870099A3D1 /* Assets.xcassets */,
				29E4C8742AF91C870099A3D1 /* LaunchScreen.storyboard */,
				29E4C8772AF91C870099A3D1 /* Info.plist */,
			);
			path = "UMC-Mission-Week6";
			sourceTree = "<group>";
		};
		29E4C87F2AF91C870099A3D1 /* UMC-Mission-Week6Tests */ = {
			isa = PBXGroup;
			children = (
				29E4C8802AF91C870099A3D1 /* UMC_Mission_Week6Tests.swift */,
			);
			path = "UMC-Mission-Week6Tests";
			sourceTree = "<group>";
		};
		29E4C8892AF91C870099A3D1 /* UMC-Mission-Week6UITests */ = {
			isa = PBXGroup;
			children = (
				29E4C88A2AF91C870099A3D1 /* UMC_Mission_Week6UITests.swift */,
				29E4C88C2AF91C870099A3D1 /* UMC_Mission_Week6UITestsLaunchTests.swift */,
			);
			path = "UMC-Mission-Week6UITests";
			sourceTree = "<group>";
		};
		29E4C8992AF91DA40099A3D1 /* Cell */ = {
			isa = PBXGroup;
			children = (
				29E4C8A32AF9BC5C0099A3D1 /* CatTableViewCell.swift */,
				29E4C8A42AF9BC5C0099A3D1 /* CatTableViewCell.xib */,
			);
			path = Cell;
			sourceTree = "<group>";
		};
		892F9C6BC86B7B6652288232 /* Pods */ = {
			isa = PBXGroup;
			children = (
				F144408914041BE58E5C1A23 /* Pods-UMC-Mission-Week6.debug.xcconfig */,
				23454497D3FFEF90FFCD8418 /* Pods-UMC-Mission-Week6.release.xcconfig */,
				1AA384937AE53716442E95E9 /* Pods-UMC-Mission-Week6-UMC-Mission-Week6UITests.debug.xcconfig */,
				5CBB554BA0BA3B226922C73A /* Pods-UMC-Mission-Week6-UMC-Mission-Week6UITests.release.xcconfig */,
				B414CC76B8F5639AFFAB95A0 /* Pods-UMC-Mission-Week6Tests.debug.xcconfig */,
				30AAEBA8111657A0D5AD477E /* Pods-UMC-Mission-Week6Tests.release.xcconfig */,
			);
			path = Pods;
			sourceTree = "<group>";
		};
		C3A8E1AA14018160D868D02B /* Frameworks */ = {
			isa = PBXGroup;
			children = (
				63F1D4AA075A6D70DCC923F3 /* Pods_UMC_Mission_Week6.framework */,
				488EE25DC7CAD06A2E3B960E /* Pods_UMC_Mission_Week6_UMC_Mission_Week6UITests.framework */,
				85AC3351AA7B4ABDDC1C7258 /* Pods_UMC_Mission_Week6Tests.framework */,
			);
			name = Frameworks;
			sourceTree = "<group>";
		};
/* End PBXGroup section */

/* Begin PBXNativeTarget section */
		29E4C8652AF91C860099A3D1 /* UMC-Mission-Week6 */ = {
			isa = PBXNativeTarget;
			buildConfigurationList = 29E4C8902AF91C870099A3D1 /* Build configuration list for PBXNativeTarget "UMC-Mission-Week6" */;
			buildPhases = (
				82B8A536D70BE9C93794CCFC /* [CP] Check Pods Manifest.lock */,
				29E4C8622AF91C860099A3D1 /* Sources */,
				29E4C8632AF91C860099A3D1 /* Frameworks */,
				29E4C8642AF91C860099A3D1 /* Resources */,
				866E280C3CBC8EE90D41E1B7 /* [CP] Embed Pods Frameworks */,
			);
			buildRules = (
			);
			dependencies = (
			);
			name = "UMC-Mission-Week6";
			productName = "UMC-Mission-Week6";
			productReference = 29E4C8662AF91C860099A3D1 /* UMC-Mission-Week6.app */;
			productType = "com.apple.product-type.application";
		};
		29E4C87B2AF91C870099A3D1 /* UMC-Mission-Week6Tests */ = {
			isa = PBXNativeTarget;
			buildConfigurationList = 29E4C8932AF91C870099A3D1 /* Build configuration list for PBXNativeTarget "UMC-Mission-Week6Tests" */;
			buildPhases = (
				E4A3574DA3AB71AE5B801FC4 /* [CP] Check Pods Manifest.lock */,
				29E4C8782AF91C870099A3D1 /* Sources */,
				29E4C8792AF91C870099A3D1 /* Frameworks */,
				29E4C87A2AF91C870099A3D1 /* Resources */,
			);
			buildRules = (
			);
			dependencies = (
				29E4C87E2AF91C870099A3D1 /* PBXTargetDependency */,
			);
			name = "UMC-Mission-Week6Tests";
			productName = "UMC-Mission-Week6Tests";
			productReference = 29E4C87C2AF91C870099A3D1 /* UMC-Mission-Week6Tests.xctest */;
			productType = "com.apple.product-type.bundle.unit-test";
		};
		29E4C8852AF91C870099A3D1 /* UMC-Mission-Week6UITests */ = {
			isa = PBXNativeTarget;
			buildConfigurationList = 29E4C8962AF91C870099A3D1 /* Build configuration list for PBXNativeTarget "UMC-Mission-Week6UITests" */;
			buildPhases = (
				DBBDF454E3378DA23BECC2FE /* [CP] Check Pods Manifest.lock */,
				29E4C8822AF91C870099A3D1 /* Sources */,
				29E4C8832AF91C870099A3D1 /* Frameworks */,
				29E4C8842AF91C870099A3D1 /* Resources */,
				E0BBF5F3683BEFA8CDBF1BC8 /* [CP] Embed Pods Frameworks */,
			);
			buildRules = (
			);
			dependencies = (
				29E4C8882AF91C870099A3D1 /* PBXTargetDependency */,
			);
			name = "UMC-Mission-Week6UITests";
			productName = "UMC-Mission-Week6UITests";
			productReference = 29E4C8862AF91C870099A3D1 /* UMC-Mission-Week6UITests.xctest */;
			productType = "com.apple.product-type.bundle.ui-testing";
		};
/* End PBXNativeTarget section */

/* Begin PBXProject section */
		29E4C85E2AF91C860099A3D1 /* Project object */ = {
			isa = PBXProject;
			attributes = {
				BuildIndependentTargetsInParallel = 1;
				LastSwiftUpdateCheck = 1420;
				LastUpgradeCheck = 1420;
				TargetAttributes = {
					29E4C8652AF91C860099A3D1 = {
						CreatedOnToolsVersion = 14.2;
					};
					29E4C87B2AF91C870099A3D1 = {
						CreatedOnToolsVersion = 14.2;
						TestTargetID = 29E4C8652AF91C860099A3D1;
					};
					29E4C8852AF91C870099A3D1 = {
						CreatedOnToolsVersion = 14.2;
						TestTargetID = 29E4C8652AF91C860099A3D1;
					};
				};
			};
			buildConfigurationList = 29E4C8612AF91C860099A3D1 /* Build configuration list for PBXProject "UMC-Mission-Week6" */;
			compatibilityVersion = "Xcode 14.0";
			developmentRegion = en;
			hasScannedForEncodings = 0;
			knownRegions = (
				en,
				Base,
			);
			mainGroup = 29E4C85D2AF91C860099A3D1;
			productRefGroup = 29E4C8672AF91C860099A3D1 /* Products */;
			projectDirPath = "";
			projectRoot = "";
			targets = (
				29E4C8652AF91C860099A3D1 /* UMC-Mission-Week6 */,
				29E4C87B2AF91C870099A3D1 /* UMC-Mission-Week6Tests */,
				29E4C8852AF91C870099A3D1 /* UMC-Mission-Week6UITests */,
			);
		};
/* End PBXProject section */

/* Begin PBXResourcesBuildPhase section */
		29E4C8642AF91C860099A3D1 /* Resources */ = {
			isa = PBXResourcesBuildPhase;
			buildActionMask = 2147483647;
			files = (
				29E4C8A62AF9BC5C0099A3D1 /* CatTableViewCell.xib in Resources */,
				29E4C8762AF91C870099A3D1 /* LaunchScreen.storyboard in Resources */,
				29E4C8732AF91C870099A3D1 /* Assets.xcassets in Resources */,
				29E4C8712AF91C860099A3D1 /* Main.storyboard in Resources */,
			);
			runOnlyForDeploymentPostprocessing = 0;
		};
		29E4C87A2AF91C870099A3D1 /* Resources */ = {
			isa = PBXResourcesBuildPhase;
			buildActionMask = 2147483647;
			files = (
			);
			runOnlyForDeploymentPostprocessing = 0;
		};
		29E4C8842AF91C870099A3D1 /* Resources */ = {
			isa = PBXResourcesBuildPhase;
			buildActionMask = 2147483647;
			files = (
			);
			runOnlyForDeploymentPostprocessing = 0;
		};
/* End PBXResourcesBuildPhase section */

/* Begin PBXShellScriptBuildPhase section */
		82B8A536D70BE9C93794CCFC /* [CP] Check Pods Manifest.lock */ = {
			isa = PBXShellScriptBuildPhase;
			buildActionMask = 2147483647;
			files = (
			);
			inputFileListPaths = (
			);
			inputPaths = (
				"${PODS_PODFILE_DIR_PATH}/Podfile.lock",
				"${PODS_ROOT}/Manifest.lock",
			);
			name = "[CP] Check Pods Manifest.lock";
			outputFileListPaths = (
			);
			outputPaths = (
				"$(DERIVED_FILE_DIR)/Pods-UMC-Mission-Week6-checkManifestLockResult.txt",
			);
			runOnlyForDeploymentPostprocessing = 0;
			shellPath = /bin/sh;
			shellScript = "diff \"${PODS_PODFILE_DIR_PATH}/Podfile.lock\" \"${PODS_ROOT}/Manifest.lock\" > /dev/null\nif [ $? != 0 ] ; then\n    # print error to STDERR\n    echo \"error: The sandbox is not in sync with the Podfile.lock. Run 'pod install' or update your CocoaPods installation.\" >&2\n    exit 1\nfi\n# This output is used by Xcode 'outputs' to avoid re-running this script phase.\necho \"SUCCESS\" > \"${SCRIPT_OUTPUT_FILE_0}\"\n";
			showEnvVarsInLog = 0;
		};
		866E280C3CBC8EE90D41E1B7 /* [CP] Embed Pods Frameworks */ = {
			isa = PBXShellScriptBuildPhase;
			buildActionMask = 2147483647;
			files = (
			);
			inputFileListPaths = (
				"${PODS_ROOT}/Target Support Files/Pods-UMC-Mission-Week6/Pods-UMC-Mission-Week6-frameworks-${CONFIGURATION}-input-files.xcfilelist",
			);
			name = "[CP] Embed Pods Frameworks";
			outputFileListPaths = (
				"${PODS_ROOT}/Target Support Files/Pods-UMC-Mission-Week6/Pods-UMC-Mission-Week6-frameworks-${CONFIGURATION}-output-files.xcfilelist",
			);
			runOnlyForDeploymentPostprocessing = 0;
			shellPath = /bin/sh;
			shellScript = "\"${PODS_ROOT}/Target Support Files/Pods-UMC-Mission-Week6/Pods-UMC-Mission-Week6-frameworks.sh\"\n";
			showEnvVarsInLog = 0;
		};
		DBBDF454E3378DA23BECC2FE /* [CP] Check Pods Manifest.lock */ = {
			isa = PBXShellScriptBuildPhase;
			buildActionMask = 2147483647;
			files = (
			);
			inputFileListPaths = (
			);
			inputPaths = (
				"${PODS_PODFILE_DIR_PATH}/Podfile.lock",
				"${PODS_ROOT}/Manifest.lock",
			);
			name = "[CP] Check Pods Manifest.lock";
			outputFileListPaths = (
			);
			outputPaths = (
				"$(DERIVED_FILE_DIR)/Pods-UMC-Mission-Week6-UMC-Mission-Week6UITests-checkManifestLockResult.txt",
			);
			runOnlyForDeploymentPostprocessing = 0;
			shellPath = /bin/sh;
			shellScript = "diff \"${PODS_PODFILE_DIR_PATH}/Podfile.lock\" \"${PODS_ROOT}/Manifest.lock\" > /dev/null\nif [ $? != 0 ] ; then\n    # print error to STDERR\n    echo \"error: The sandbox is not in sync with the Podfile.lock. Run 'pod install' or update your CocoaPods installation.\" >&2\n    exit 1\nfi\n# This output is used by Xcode 'outputs' to avoid re-running this script phase.\necho \"SUCCESS\" > \"${SCRIPT_OUTPUT_FILE_0}\"\n";
			showEnvVarsInLog = 0;
		};
		E0BBF5F3683BEFA8CDBF1BC8 /* [CP] Embed Pods Frameworks */ = {
			isa = PBXShellScriptBuildPhase;
			buildActionMask = 2147483647;
			files = (
			);
			inputFileListPaths = (
				"${PODS_ROOT}/Target Support Files/Pods-UMC-Mission-Week6-UMC-Mission-Week6UITests/Pods-UMC-Mission-Week6-UMC-Mission-Week6UITests-frameworks-${CONFIGURATION}-input-files.xcfilelist",
			);
			name = "[CP] Embed Pods Frameworks";
			outputFileListPaths = (
				"${PODS_ROOT}/Target Support Files/Pods-UMC-Mission-Week6-UMC-Mission-Week6UITests/Pods-UMC-Mission-Week6-UMC-Mission-Week6UITests-frameworks-${CONFIGURATION}-output-files.xcfilelist",
			);
			runOnlyForDeploymentPostprocessing = 0;
			shellPath = /bin/sh;
			shellScript = "\"${PODS_ROOT}/Target Support Files/Pods-UMC-Mission-Week6-UMC-Mission-Week6UITests/Pods-UMC-Mission-Week6-UMC-Mission-Week6UITests-frameworks.sh\"\n";
			showEnvVarsInLog = 0;
		};
		E4A3574DA3AB71AE5B801FC4 /* [CP] Check Pods Manifest.lock */ = {
			isa = PBXShellScriptBuildPhase;
			buildActionMask = 2147483647;
			files = (
			);
			inputFileListPaths = (
			);
			inputPaths = (
				"${PODS_PODFILE_DIR_PATH}/Podfile.lock",
				"${PODS_ROOT}/Manifest.lock",
			);
			name = "[CP] Check Pods Manifest.lock";
			outputFileListPaths = (
			);
			outputPaths = (
				"$(DERIVED_FILE_DIR)/Pods-UMC-Mission-Week6Tests-checkManifestLockResult.txt",
			);
			runOnlyForDeploymentPostprocessing = 0;
			shellPath = /bin/sh;
			shellScript = "diff \"${PODS_PODFILE_DIR_PATH}/Podfile.lock\" \"${PODS_ROOT}/Manifest.lock\" > /dev/null\nif [ $? != 0 ] ; then\n    # print error to STDERR\n    echo \"error: The sandbox is not in sync with the Podfile.lock. Run 'pod install' or update your CocoaPods installation.\" >&2\n    exit 1\nfi\n# This output is used by Xcode 'outputs' to avoid re-running this script phase.\necho \"SUCCESS\" > \"${SCRIPT_OUTPUT_FILE_0}\"\n";
			showEnvVarsInLog = 0;
		};
/* End PBXShellScriptBuildPhase section */

/* Begin PBXSourcesBuildPhase section */
		29E4C8622AF91C860099A3D1 /* Sources */ = {
			isa = PBXSourcesBuildPhase;
			buildActionMask = 2147483647;
			files = (
				29E4C8A52AF9BC5C0099A3D1 /* CatTableViewCell.swift in Sources */,
				2961CB632AF9C0DB0065D9D4 /* APIInput.swift in Sources */,
				29E4C86E2AF91C860099A3D1 /* ViewController.swift in Sources */,
				2961CB612AF9BFAF0065D9D4 /* APIManager.swift in Sources */,
				29E4C86A2AF91C860099A3D1 /* AppDelegate.swift in Sources */,
				29E4C86C2AF91C860099A3D1 /* SceneDelegate.swift in Sources */,
				2961CB672AF9C17B0065D9D4 /* CatModel.swift in Sources */,
			);
			runOnlyForDeploymentPostprocessing = 0;
		};
		29E4C8782AF91C870099A3D1 /* Sources */ = {
			isa = PBXSourcesBuildPhase;
			buildActionMask = 2147483647;
			files = (
				29E4C8812AF91C870099A3D1 /* UMC_Mission_Week6Tests.swift in Sources */,
			);
			runOnlyForDeploymentPostprocessing = 0;
		};
		29E4C8822AF91C870099A3D1 /* Sources */ = {
			isa = PBXSourcesBuildPhase;
			buildActionMask = 2147483647;
			files = (
				29E4C88D2AF91C870099A3D1 /* UMC_Mission_Week6UITestsLaunchTests.swift in Sources */,
				29E4C88B2AF91C870099A3D1 /* UMC_Mission_Week6UITests.swift in Sources */,
			);
			runOnlyForDeploymentPostprocessing = 0;
		};
/* End PBXSourcesBuildPhase section */

/* Begin PBXTargetDependency section */
		29E4C87E2AF91C870099A3D1 /* PBXTargetDependency */ = {
			isa = PBXTargetDependency;
			target = 29E4C8652AF91C860099A3D1 /* UMC-Mission-Week6 */;
			targetProxy = 29E4C87D2AF91C870099A3D1 /* PBXContainerItemProxy */;
		};
		29E4C8882AF91C870099A3D1 /* PBXTargetDependency */ = {
			isa = PBXTargetDependency;
			target = 29E4C8652AF91C860099A3D1 /* UMC-Mission-Week6 */;
			targetProxy = 29E4C8872AF91C870099A3D1 /* PBXContainerItemProxy */;
		};
/* End PBXTargetDependency section */

/* Begin PBXVariantGroup section */
		29E4C86F2AF91C860099A3D1 /* Main.storyboard */ = {
			isa = PBXVariantGroup;
			children = (
				29E4C8702AF91C860099A3D1 /* Base */,
			);
			name = Main.storyboard;
			sourceTree = "<group>";
		};
		29E4C8742AF91C870099A3D1 /* LaunchScreen.storyboard */ = {
			isa = PBXVariantGroup;
			children = (
				29E4C8752AF91C870099A3D1 /* Base */,
			);
			name = LaunchScreen.storyboard;
			sourceTree = "<group>";
		};
/* End PBXVariantGroup section */

/* Begin XCBuildConfiguration section */
		29E4C88E2AF91C870099A3D1 /* Debug */ = {
			isa = XCBuildConfiguration;
			buildSettings = {
				ALWAYS_SEARCH_USER_PATHS = NO;
				CLANG_ANALYZER_NONNULL = YES;
				CLANG_ANALYZER_NUMBER_OBJECT_CONVERSION = YES_AGGRESSIVE;
				CLANG_CXX_LANGUAGE_STANDARD = "gnu++20";
				CLANG_ENABLE_MODULES = YES;
				CLANG_ENABLE_OBJC_ARC = YES;
				CLANG_ENABLE_OBJC_WEAK = YES;
				CLANG_WARN_BLOCK_CAPTURE_AUTORELEASING = YES;
				CLANG_WARN_BOOL_CONVERSION = YES;
				CLANG_WARN_COMMA = YES;
				CLANG_WARN_CONSTANT_CONVERSION = YES;
				CLANG_WARN_DEPRECATED_OBJC_IMPLEMENTATIONS = YES;
				CLANG_WARN_DIRECT_OBJC_ISA_USAGE = YES_ERROR;
				CLANG_WARN_DOCUMENTATION_COMMENTS = YES;
				CLANG_WARN_EMPTY_BODY = YES;
				CLANG_WARN_ENUM_CONVERSION = YES;
				CLANG_WARN_INFINITE_RECURSION = YES;
				CLANG_WARN_INT_CONVERSION = YES;
				CLANG_WARN_NON_LITERAL_NULL_CONVERSION = YES;
				CLANG_WARN_OBJC_IMPLICIT_RETAIN_SELF = YES;
				CLANG_WARN_OBJC_LITERAL_CONVERSION = YES;
				CLANG_WARN_OBJC_ROOT_CLASS = YES_ERROR;
				CLANG_WARN_QUOTED_INCLUDE_IN_FRAMEWORK_HEADER = YES;
				CLANG_WARN_RANGE_LOOP_ANALYSIS = YES;
				CLANG_WARN_STRICT_PROTOTYPES = YES;
				CLANG_WARN_SUSPICIOUS_MOVE = YES;
				CLANG_WARN_UNGUARDED_AVAILABILITY = YES_AGGRESSIVE;
				CLANG_WARN_UNREACHABLE_CODE = YES;
				CLANG_WARN__DUPLICATE_METHOD_MATCH = YES;
				COPY_PHASE_STRIP = NO;
				DEBUG_INFORMATION_FORMAT = dwarf;
				ENABLE_STRICT_OBJC_MSGSEND = YES;
				ENABLE_TESTABILITY = YES;
				GCC_C_LANGUAGE_STANDARD = gnu11;
				GCC_DYNAMIC_NO_PIC = NO;
				GCC_NO_COMMON_BLOCKS = YES;
				GCC_OPTIMIZATION_LEVEL = 0;
				GCC_PREPROCESSOR_DEFINITIONS = (
					"DEBUG=1",
					"$(inherited)",
				);
				GCC_WARN_64_TO_32_BIT_CONVERSION = YES;
				GCC_WARN_ABOUT_RETURN_TYPE = YES_ERROR;
				GCC_WARN_UNDECLARED_SELECTOR = YES;
				GCC_WARN_UNINITIALIZED_AUTOS = YES_AGGRESSIVE;
				GCC_WARN_UNUSED_FUNCTION = YES;
				GCC_WARN_UNUSED_VARIABLE = YES;
				IPHONEOS_DEPLOYMENT_TARGET = 16.2;
				MTL_ENABLE_DEBUG_INFO = INCLUDE_SOURCE;
				MTL_FAST_MATH = YES;
				ONLY_ACTIVE_ARCH = YES;
				SDKROOT = iphoneos;
				SWIFT_ACTIVE_COMPILATION_CONDITIONS = DEBUG;
				SWIFT_OPTIMIZATION_LEVEL = "-Onone";
			};
			name = Debug;
		};
		29E4C88F2AF91C870099A3D1 /* Release */ = {
			isa = XCBuildConfiguration;
			buildSettings = {
				ALWAYS_SEARCH_USER_PATHS = NO;
				CLANG_ANALYZER_NONNULL = YES;
				CLANG_ANALYZER_NUMBER_OBJECT_CONVERSION = YES_AGGRESSIVE;
				CLANG_CXX_LANGUAGE_STANDARD = "gnu++20";
				CLANG_ENABLE_MODULES = YES;
				CLANG_ENABLE_OBJC_ARC = YES;
				CLANG_ENABLE_OBJC_WEAK = YES;
				CLANG_WARN_BLOCK_CAPTURE_AUTORELEASING = YES;
				CLANG_WARN_BOOL_CONVERSION = YES;
				CLANG_WARN_COMMA = YES;
				CLANG_WARN_CONSTANT_CONVERSION = YES;
				CLANG_WARN_DEPRECATED_OBJC_IMPLEMENTATIONS = YES;
				CLANG_WARN_DIRECT_OBJC_ISA_USAGE = YES_ERROR;
				CLANG_WARN_DOCUMENTATION_COMMENTS = YES;
				CLANG_WARN_EMPTY_BODY = YES;
				CLANG_WARN_ENUM_CONVERSION = YES;
				CLANG_WARN_INFINITE_RECURSION = YES;
				CLANG_WARN_INT_CONVERSION = YES;
				CLANG_WARN_NON_LITERAL_NULL_CONVERSION = YES;
				CLANG_WARN_OBJC_IMPLICIT_RETAIN_SELF = YES;
				CLANG_WARN_OBJC_LITERAL_CONVERSION = YES;
				CLANG_WARN_OBJC_ROOT_CLASS = YES_ERROR;
				CLANG_WARN_QUOTED_INCLUDE_IN_FRAMEWORK_HEADER = YES;
				CLANG_WARN_RANGE_LOOP_ANALYSIS = YES;
				CLANG_WARN_STRICT_PROTOTYPES = YES;
				CLANG_WARN_SUSPICIOUS_MOVE = YES;
				CLANG_WARN_UNGUARDED_AVAILABILITY = YES_AGGRESSIVE;
				CLANG_WARN_UNREACHABLE_CODE = YES;
				CLANG_WARN__DUPLICATE_METHOD_MATCH = YES;
				COPY_PHASE_STRIP = NO;
				DEBUG_INFORMATION_FORMAT = "dwarf-with-dsym";
				ENABLE_NS_ASSERTIONS = NO;
				ENABLE_STRICT_OBJC_MSGSEND = YES;
				GCC_C_LANGUAGE_STANDARD = gnu11;
				GCC_NO_COMMON_BLOCKS = YES;
				GCC_WARN_64_TO_32_BIT_CONVERSION = YES;
				GCC_WARN_ABOUT_RETURN_TYPE = YES_ERROR;
				GCC_WARN_UNDECLARED_SELECTOR = YES;
				GCC_WARN_UNINITIALIZED_AUTOS = YES_AGGRESSIVE;
				GCC_WARN_UNUSED_FUNCTION = YES;
				GCC_WARN_UNUSED_VARIABLE = YES;
				IPHONEOS_DEPLOYMENT_TARGET = 16.2;
				MTL_ENABLE_DEBUG_INFO = NO;
				MTL_FAST_MATH = YES;
				SDKROOT = iphoneos;
				SWIFT_COMPILATION_MODE = wholemodule;
				SWIFT_OPTIMIZATION_LEVEL = "-O";
				VALIDATE_PRODUCT = YES;
			};
			name = Release;
		};
		29E4C8912AF91C870099A3D1 /* Debug */ = {
			isa = XCBuildConfiguration;
			baseConfigurationReference = F144408914041BE58E5C1A23 /* Pods-UMC-Mission-Week6.debug.xcconfig */;
			buildSettings = {
				ASSETCATALOG_COMPILER_APPICON_NAME = AppIcon;
				ASSETCATALOG_COMPILER_GLOBAL_ACCENT_COLOR_NAME = AccentColor;
				CODE_SIGN_STYLE = Automatic;
				CURRENT_PROJECT_VERSION = 1;
				DEVELOPMENT_TEAM = 5JFDFGPT2B;
				GENERATE_INFOPLIST_FILE = YES;
				INFOPLIST_FILE = "UMC-Mission-Week6/Info.plist";
				INFOPLIST_KEY_UIApplicationSupportsIndirectInputEvents = YES;
				INFOPLIST_KEY_UILaunchStoryboardName = LaunchScreen;
				INFOPLIST_KEY_UIMainStoryboardFile = Main;
				INFOPLIST_KEY_UISupportedInterfaceOrientations_iPad = "UIInterfaceOrientationPortrait UIInterfaceOrientationPortraitUpsideDown UIInterfaceOrientationLandscapeLeft UIInterfaceOrientationLandscapeRight";
				INFOPLIST_KEY_UISupportedInterfaceOrientations_iPhone = "UIInterfaceOrientationPortrait UIInterfaceOrientationLandscapeLeft UIInterfaceOrientationLandscapeRight";
				LD_RUNPATH_SEARCH_PATHS = (
					"$(inherited)",
					"@executable_path/Frameworks",
				);
				MARKETING_VERSION = 1.0;
				PRODUCT_BUNDLE_IDENTIFIER = "choi76.UMC-Mission-Week6";
				PRODUCT_NAME = "$(TARGET_NAME)";
				SWIFT_EMIT_LOC_STRINGS = YES;
				SWIFT_VERSION = 5.0;
				TARGETED_DEVICE_FAMILY = "1,2";
			};
			name = Debug;
		};
		29E4C8922AF91C870099A3D1 /* Release */ = {
			isa = XCBuildConfiguration;
			baseConfigurationReference = 23454497D3FFEF90FFCD8418 /* Pods-UMC-Mission-Week6.release.xcconfig */;
			buildSettings = {
				ASSETCATALOG_COMPILER_APPICON_NAME = AppIcon;
				ASSETCATALOG_COMPILER_GLOBAL_ACCENT_COLOR_NAME = AccentColor;
				CODE_SIGN_STYLE = Automatic;
				CURRENT_PROJECT_VERSION = 1;
				DEVELOPMENT_TEAM = 5JFDFGPT2B;
				GENERATE_INFOPLIST_FILE = YES;
				INFOPLIST_FILE = "UMC-Mission-Week6/Info.plist";
				INFOPLIST_KEY_UIApplicationSupportsIndirectInputEvents = YES;
				INFOPLIST_KEY_UILaunchStoryboardName = LaunchScreen;
				INFOPLIST_KEY_UIMainStoryboardFile = Main;
				INFOPLIST_KEY_UISupportedInterfaceOrientations_iPad = "UIInterfaceOrientationPortrait UIInterfaceOrientationPortraitUpsideDown UIInterfaceOrientationLandscapeLeft UIInterfaceOrientationLandscapeRight";
				INFOPLIST_KEY_UISupportedInterfaceOrientations_iPhone = "UIInterfaceOrientationPortrait UIInterfaceOrientationLandscapeLeft UIInterfaceOrientationLandscapeRight";
				LD_RUNPATH_SEARCH_PATHS = (
					"$(inherited)",
					"@executable_path/Frameworks",
				);
				MARKETING_VERSION = 1.0;
				PRODUCT_BUNDLE_IDENTIFIER = "choi76.UMC-Mission-Week6";
				PRODUCT_NAME = "$(TARGET_NAME)";
				SWIFT_EMIT_LOC_STRINGS = YES;
				SWIFT_VERSION = 5.0;
				TARGETED_DEVICE_FAMILY = "1,2";
			};
			name = Release;
		};
		29E4C8942AF91C870099A3D1 /* Debug */ = {
			isa = XCBuildConfiguration;
			baseConfigurationReference = B414CC76B8F5639AFFAB95A0 /* Pods-UMC-Mission-Week6Tests.debug.xcconfig */;
			buildSettings = {
				ALWAYS_EMBED_SWIFT_STANDARD_LIBRARIES = YES;
				BUNDLE_LOADER = "$(TEST_HOST)";
				CODE_SIGN_STYLE = Automatic;
				CURRENT_PROJECT_VERSION = 1;
				DEVELOPMENT_TEAM = 5JFDFGPT2B;
				GENERATE_INFOPLIST_FILE = YES;
				IPHONEOS_DEPLOYMENT_TARGET = 16.2;
				MARKETING_VERSION = 1.0;
				PRODUCT_BUNDLE_IDENTIFIER = "choi76.UMC-Mission-Week6Tests";
				PRODUCT_NAME = "$(TARGET_NAME)";
				SWIFT_EMIT_LOC_STRINGS = NO;
				SWIFT_VERSION = 5.0;
				TARGETED_DEVICE_FAMILY = "1,2";
				TEST_HOST = "$(BUILT_PRODUCTS_DIR)/UMC-Mission-Week6.app/$(BUNDLE_EXECUTABLE_FOLDER_PATH)/UMC-Mission-Week6";
			};
			name = Debug;
		};
		29E4C8952AF91C870099A3D1 /* Release */ = {
			isa = XCBuildConfiguration;
			baseConfigurationReference = 30AAEBA8111657A0D5AD477E /* Pods-UMC-Mission-Week6Tests.release.xcconfig */;
			buildSettings = {
				ALWAYS_EMBED_SWIFT_STANDARD_LIBRARIES = YES;
				BUNDLE_LOADER = "$(TEST_HOST)";
				CODE_SIGN_STYLE = Automatic;
				CURRENT_PROJECT_VERSION = 1;
				DEVELOPMENT_TEAM = 5JFDFGPT2B;
				GENERATE_INFOPLIST_FILE = YES;
				IPHONEOS_DEPLOYMENT_TARGET = 16.2;
				MARKETING_VERSION = 1.0;
				PRODUCT_BUNDLE_IDENTIFIER = "choi76.UMC-Mission-Week6Tests";
				PRODUCT_NAME = "$(TARGET_NAME)";
				SWIFT_EMIT_LOC_STRINGS = NO;
				SWIFT_VERSION = 5.0;
				TARGETED_DEVICE_FAMILY = "1,2";
				TEST_HOST = "$(BUILT_PRODUCTS_DIR)/UMC-Mission-Week6.app/$(BUNDLE_EXECUTABLE_FOLDER_PATH)/UMC-Mission-Week6";
			};
			name = Release;
		};
		29E4C8972AF91C870099A3D1 /* Debug */ = {
			isa = XCBuildConfiguration;
			baseConfigurationReference = 1AA384937AE53716442E95E9 /* Pods-UMC-Mission-Week6-UMC-Mission-Week6UITests.debug.xcconfig */;
			buildSettings = {
				ALWAYS_EMBED_SWIFT_STANDARD_LIBRARIES = YES;
				CODE_SIGN_STYLE = Automatic;
				CURRENT_PROJECT_VERSION = 1;
				DEVELOPMENT_TEAM = 5JFDFGPT2B;
				GENERATE_INFOPLIST_FILE = YES;
				MARKETING_VERSION = 1.0;
				PRODUCT_BUNDLE_IDENTIFIER = "choi76.UMC-Mission-Week6UITests";
				PRODUCT_NAME = "$(TARGET_NAME)";
				SWIFT_EMIT_LOC_STRINGS = NO;
				SWIFT_VERSION = 5.0;
				TARGETED_DEVICE_FAMILY = "1,2";
				TEST_TARGET_NAME = "UMC-Mission-Week6";
			};
			name = Debug;
		};
		29E4C8982AF91C870099A3D1 /* Release */ = {
			isa = XCBuildConfiguration;
			baseConfigurationReference = 5CBB554BA0BA3B226922C73A /* Pods-UMC-Mission-Week6-UMC-Mission-Week6UITests.release.xcconfig */;
			buildSettings = {
				ALWAYS_EMBED_SWIFT_STANDARD_LIBRARIES = YES;
				CODE_SIGN_STYLE = Automatic;
				CURRENT_PROJECT_VERSION = 1;
				DEVELOPMENT_TEAM = 5JFDFGPT2B;
				GENERATE_INFOPLIST_FILE = YES;
				MARKETING_VERSION = 1.0;
				PRODUCT_BUNDLE_IDENTIFIER = "choi76.UMC-Mission-Week6UITests";
				PRODUCT_NAME = "$(TARGET_NAME)";
				SWIFT_EMIT_LOC_STRINGS = NO;
				SWIFT_VERSION = 5.0;
				TARGETED_DEVICE_FAMILY = "1,2";
				TEST_TARGET_NAME = "UMC-Mission-Week6";
			};
			name = Release;
		};
/* End XCBuildConfiguration section */

/* Begin XCConfigurationList section */
		29E4C8612AF91C860099A3D1 /* Build configuration list for PBXProject "UMC-Mission-Week6" */ = {
			isa = XCConfigurationList;
			buildConfigurations = (
				29E4C88E2AF91C870099A3D1 /* Debug */,
				29E4C88F2AF91C870099A3D1 /* Release */,
			);
			defaultConfigurationIsVisible = 0;
			defaultConfigurationName = Release;
		};
		29E4C8902AF91C870099A3D1 /* Build configuration list for PBXNativeTarget "UMC-Mission-Week6" */ = {
			isa = XCConfigurationList;
			buildConfigurations = (
				29E4C8912AF91C870099A3D1 /* Debug */,
				29E4C8922AF91C870099A3D1 /* Release */,
			);
			defaultConfigurationIsVisible = 0;
			defaultConfigurationName = Release;
		};
		29E4C8932AF91C870099A3D1 /* Build configuration list for PBXNativeTarget "UMC-Mission-Week6Tests" */ = {
			isa = XCConfigurationList;
			buildConfigurations = (
				29E4C8942AF91C870099A3D1 /* Debug */,
				29E4C8952AF91C870099A3D1 /* Release */,
			);
			defaultConfigurationIsVisible = 0;
			defaultConfigurationName = Release;
		};
		29E4C8962AF91C870099A3D1 /* Build configuration list for PBXNativeTarget "UMC-Mission-Week6UITests" */ = {
			isa = XCConfigurationList;
			buildConfigurations = (
				29E4C8972AF91C870099A3D1 /* Debug */,
				29E4C8982AF91C870099A3D1 /* Release */,
			);
			defaultConfigurationIsVisible = 0;
			defaultConfigurationName = Release;
		};
/* End XCConfigurationList section */
	};
	rootObject = 29E4C85E2AF91C860099A3D1 /* Project object */;
}
