// !$*UTF8*$!
{
	archiveVersion = 1;
	classes = {
	};
	objectVersion = 56;
	objects = {

/* Begin PBXBuildFile section */
		1963471AB1FE4424425DC2C0 /* Pods_UMC_Udemy_Study_UMC_Udemy_StudyUITests.framework in Frameworks */ = {isa = PBXBuildFile; fileRef = 82B9CD54C476C9AD2F0265BC /* Pods_UMC_Udemy_Study_UMC_Udemy_StudyUITests.framework */; };
		1B30D5D4FA9B80CB6240110F /* Pods_UMC_Udemy_StudyTests.framework in Frameworks */ = {isa = PBXBuildFile; fileRef = AA1BB09D2E6656860214882F /* Pods_UMC_Udemy_StudyTests.framework */; };
		29002BB22AE412FE0086DD25 /* ProfileViewController.swift in Sources */ = {isa = PBXBuildFile; fileRef = 29002BB12AE412FE0086DD25 /* ProfileViewController.swift */; };
		29002BB72AE418200086DD25 /* ProfileCollectionViewCell.swift in Sources */ = {isa = PBXBuildFile; fileRef = 29002BB52AE418200086DD25 /* ProfileCollectionViewCell.swift */; };
		29002BB82AE418200086DD25 /* ProfileCollectionViewCell.xib in Resources */ = {isa = PBXBuildFile; fileRef = 29002BB62AE418200086DD25 /* ProfileCollectionViewCell.xib */; };
		29237D7F2B2F2BA700BE751D /* UserFeedModel.swift in Sources */ = {isa = PBXBuildFile; fileRef = 29237D7E2B2F2BA700BE751D /* UserFeedModel.swift */; };
		29237D812B2F3B5C00BE751D /* UserFeedDataManager.swift in Sources */ = {isa = PBXBuildFile; fileRef = 29237D802B2F3B5C00BE751D /* UserFeedDataManager.swift */; };
		295089F32AC94CD6004062D4 /* AppDelegate.swift in Sources */ = {isa = PBXBuildFile; fileRef = 295089F22AC94CD6004062D4 /* AppDelegate.swift */; };
		295089F52AC94CD6004062D4 /* SceneDelegate.swift in Sources */ = {isa = PBXBuildFile; fileRef = 295089F42AC94CD6004062D4 /* SceneDelegate.swift */; };
		295089FA2AC94CD6004062D4 /* Main.storyboard in Resources */ = {isa = PBXBuildFile; fileRef = 295089F82AC94CD6004062D4 /* Main.storyboard */; };
		295089FC2AC94CD7004062D4 /* Assets.xcassets in Resources */ = {isa = PBXBuildFile; fileRef = 295089FB2AC94CD7004062D4 /* Assets.xcassets */; };
		295089FF2AC94CD7004062D4 /* LaunchScreen.storyboard in Resources */ = {isa = PBXBuildFile; fileRef = 295089FD2AC94CD7004062D4 /* LaunchScreen.storyboard */; };
		29508A0A2AC94CD7004062D4 /* UMC_Udemy_StudyTests.swift in Sources */ = {isa = PBXBuildFile; fileRef = 29508A092AC94CD7004062D4 /* UMC_Udemy_StudyTests.swift */; };
		29508A142AC94CD7004062D4 /* UMC_Udemy_StudyUITests.swift in Sources */ = {isa = PBXBuildFile; fileRef = 29508A132AC94CD7004062D4 /* UMC_Udemy_StudyUITests.swift */; };
		29508A162AC94CD7004062D4 /* UMC_Udemy_StudyUITestsLaunchTests.swift in Sources */ = {isa = PBXBuildFile; fileRef = 29508A152AC94CD7004062D4 /* UMC_Udemy_StudyUITestsLaunchTests.swift */; };
		29508A232AC97CCB004062D4 /* LoginViewController.swift in Sources */ = {isa = PBXBuildFile; fileRef = 29508A222AC97CCB004062D4 /* LoginViewController.swift */; };
		29508A272AC984EF004062D4 /* RegisterViewController.swift in Sources */ = {isa = PBXBuildFile; fileRef = 29508A262AC984EF004062D4 /* RegisterViewController.swift */; };
		29508A292ACA9AAC004062D4 /* UIView+Extenstion.swift in Sources */ = {isa = PBXBuildFile; fileRef = 29508A282ACA9AAC004062D4 /* UIView+Extenstion.swift */; };
		297062782ACAB5D800FC48A8 /* UserInfo.swift in Sources */ = {isa = PBXBuildFile; fileRef = 297062772ACAB5D800FC48A8 /* UserInfo.swift */; };
		2970627C2ACAC1D100FC48A8 /* MainViewController.swift in Sources */ = {isa = PBXBuildFile; fileRef = 2970627B2ACAC1D100FC48A8 /* MainViewController.swift */; };
		2970633E2ACC229500FC48A8 /* HomeViewController.swift in Sources */ = {isa = PBXBuildFile; fileRef = 2970633D2ACC229500FC48A8 /* HomeViewController.swift */; };
		297063422ACC294600FC48A8 /* FeedTableViewCell.swift in Sources */ = {isa = PBXBuildFile; fileRef = 297063402ACC294600FC48A8 /* FeedTableViewCell.swift */; };
		297063432ACC294600FC48A8 /* FeedTableViewCell.xib in Resources */ = {isa = PBXBuildFile; fileRef = 297063412ACC294600FC48A8 /* FeedTableViewCell.xib */; };
		297063462ACC372E00FC48A8 /* StoryTableViewCell.swift in Sources */ = {isa = PBXBuildFile; fileRef = 297063442ACC372E00FC48A8 /* StoryTableViewCell.swift */; };
		297063472ACC372E00FC48A8 /* StoryTableViewCell.xib in Resources */ = {isa = PBXBuildFile; fileRef = 297063452ACC372E00FC48A8 /* StoryTableViewCell.xib */; };
		2970634A2ACC3C8B00FC48A8 /* StoryCollectionViewCell.swift in Sources */ = {isa = PBXBuildFile; fileRef = 297063482ACC3C8B00FC48A8 /* StoryCollectionViewCell.swift */; };
		2970634B2ACC3C8B00FC48A8 /* StoryCollectionViewCell.xib in Resources */ = {isa = PBXBuildFile; fileRef = 297063492ACC3C8B00FC48A8 /* StoryCollectionViewCell.xib */; };
		2984A9012B122A69009BDF9F /* FeedUploadInput.swift in Sources */ = {isa = PBXBuildFile; fileRef = 2984A9002B122A69009BDF9F /* FeedUploadInput.swift */; };
		2984A9032B122AB6009BDF9F /* FeedUploadModel.swift in Sources */ = {isa = PBXBuildFile; fileRef = 2984A9022B122AB6009BDF9F /* FeedUploadModel.swift */; };
		2984A9052B122BA2009BDF9F /* FeedUploadDataManager.swift in Sources */ = {isa = PBXBuildFile; fileRef = 2984A9042B122BA2009BDF9F /* FeedUploadDataManager.swift */; };
		29C0EC752AE528DE0075D4A1 /* PostCollectionViewCell.swift in Sources */ = {isa = PBXBuildFile; fileRef = 29C0EC732AE528DE0075D4A1 /* PostCollectionViewCell.swift */; };
		29C0EC762AE528DE0075D4A1 /* PostCollectionViewCell.xib in Resources */ = {isa = PBXBuildFile; fileRef = 29C0EC742AE528DE0075D4A1 /* PostCollectionViewCell.xib */; };
		29E4C89E2AF932EC0099A3D1 /* FeedAPIInput.swift in Sources */ = {isa = PBXBuildFile; fileRef = 29E4C89D2AF932EC0099A3D1 /* FeedAPIInput.swift */; };
		29E4C8A02AF932FB0099A3D1 /* FeedModel.swift in Sources */ = {isa = PBXBuildFile; fileRef = 29E4C89F2AF932FB0099A3D1 /* FeedModel.swift */; };
		29E4C8A22AF933600099A3D1 /* FeedDataManger.swift in Sources */ = {isa = PBXBuildFile; fileRef = 29E4C8A12AF933600099A3D1 /* FeedDataManger.swift */; };
		EC3A0DC71C1D201346A395B3 /* Pods_UMC_Udemy_Study.framework in Frameworks */ = {isa = PBXBuildFile; fileRef = FE2227463D00D88E7623DF41 /* Pods_UMC_Udemy_Study.framework */; };
/* End PBXBuildFile section */

/* Begin PBXContainerItemProxy section */
		29508A062AC94CD7004062D4 /* PBXContainerItemProxy */ = {
			isa = PBXContainerItemProxy;
			containerPortal = 295089E72AC94CD6004062D4 /* Project object */;
			proxyType = 1;
			remoteGlobalIDString = 295089EE2AC94CD6004062D4;
			remoteInfo = "UMC-Udemy-Study";
		};
		29508A102AC94CD7004062D4 /* PBXContainerItemProxy */ = {
			isa = PBXContainerItemProxy;
			containerPortal = 295089E72AC94CD6004062D4 /* Project object */;
			proxyType = 1;
			remoteGlobalIDString = 295089EE2AC94CD6004062D4;
			remoteInfo = "UMC-Udemy-Study";
		};
/* End PBXContainerItemProxy section */

/* Begin PBXFileReference section */
		29002BB12AE412FE0086DD25 /* ProfileViewController.swift */ = {isa = PBXFileReference; lastKnownFileType = sourcecode.swift; path = ProfileViewController.swift; sourceTree = "<group>"; };
		29002BB52AE418200086DD25 /* ProfileCollectionViewCell.swift */ = {isa = PBXFileReference; lastKnownFileType = sourcecode.swift; path = ProfileCollectionViewCell.swift; sourceTree = "<group>"; };
		29002BB62AE418200086DD25 /* ProfileCollectionViewCell.xib */ = {isa = PBXFileReference; lastKnownFileType = file.xib; path = ProfileCollectionViewCell.xib; sourceTree = "<group>"; };
		29237D7E2B2F2BA700BE751D /* UserFeedModel.swift */ = {isa = PBXFileReference; lastKnownFileType = sourcecode.swift; path = UserFeedModel.swift; sourceTree = "<group>"; };
		29237D802B2F3B5C00BE751D /* UserFeedDataManager.swift */ = {isa = PBXFileReference; lastKnownFileType = sourcecode.swift; path = UserFeedDataManager.swift; sourceTree = "<group>"; };
		295089EF2AC94CD6004062D4 /* UMC-Udemy-Study.app */ = {isa = PBXFileReference; explicitFileType = wrapper.application; includeInIndex = 0; path = "UMC-Udemy-Study.app"; sourceTree = BUILT_PRODUCTS_DIR; };
		295089F22AC94CD6004062D4 /* AppDelegate.swift */ = {isa = PBXFileReference; lastKnownFileType = sourcecode.swift; path = AppDelegate.swift; sourceTree = "<group>"; };
		295089F42AC94CD6004062D4 /* SceneDelegate.swift */ = {isa = PBXFileReference; lastKnownFileType = sourcecode.swift; path = SceneDelegate.swift; sourceTree = "<group>"; };
		295089F92AC94CD6004062D4 /* Base */ = {isa = PBXFileReference; lastKnownFileType = file.storyboard; name = Base; path = Base.lproj/Main.storyboard; sourceTree = "<group>"; };
		295089FB2AC94CD7004062D4 /* Assets.xcassets */ = {isa = PBXFileReference; lastKnownFileType = folder.assetcatalog; path = Assets.xcassets; sourceTree = "<group>"; };
		295089FE2AC94CD7004062D4 /* Base */ = {isa = PBXFileReference; lastKnownFileType = file.storyboard; name = Base; path = Base.lproj/LaunchScreen.storyboard; sourceTree = "<group>"; };
		29508A002AC94CD7004062D4 /* Info.plist */ = {isa = PBXFileReference; lastKnownFileType = text.plist.xml; path = Info.plist; sourceTree = "<group>"; };
		29508A052AC94CD7004062D4 /* UMC-Udemy-StudyTests.xctest */ = {isa = PBXFileReference; explicitFileType = wrapper.cfbundle; includeInIndex = 0; path = "UMC-Udemy-StudyTests.xctest"; sourceTree = BUILT_PRODUCTS_DIR; };
		29508A092AC94CD7004062D4 /* UMC_Udemy_StudyTests.swift */ = {isa = PBXFileReference; lastKnownFileType = sourcecode.swift; path = UMC_Udemy_StudyTests.swift; sourceTree = "<group>"; };
		29508A0F2AC94CD7004062D4 /* UMC-Udemy-StudyUITests.xctest */ = {isa = PBXFileReference; explicitFileType = wrapper.cfbundle; includeInIndex = 0; path = "UMC-Udemy-StudyUITests.xctest"; sourceTree = BUILT_PRODUCTS_DIR; };
		29508A132AC94CD7004062D4 /* UMC_Udemy_StudyUITests.swift */ = {isa = PBXFileReference; lastKnownFileType = sourcecode.swift; path = UMC_Udemy_StudyUITests.swift; sourceTree = "<group>"; };
		29508A152AC94CD7004062D4 /* UMC_Udemy_StudyUITestsLaunchTests.swift */ = {isa = PBXFileReference; lastKnownFileType = sourcecode.swift; path = UMC_Udemy_StudyUITestsLaunchTests.swift; sourceTree = "<group>"; };
		29508A222AC97CCB004062D4 /* LoginViewController.swift */ = {isa = PBXFileReference; lastKnownFileType = sourcecode.swift; path = LoginViewController.swift; sourceTree = "<group>"; };
		29508A262AC984EF004062D4 /* RegisterViewController.swift */ = {isa = PBXFileReference; lastKnownFileType = sourcecode.swift; path = RegisterViewController.swift; sourceTree = "<group>"; };
		29508A282ACA9AAC004062D4 /* UIView+Extenstion.swift */ = {isa = PBXFileReference; lastKnownFileType = sourcecode.swift; path = "UIView+Extenstion.swift"; sourceTree = "<group>"; };
		297062772ACAB5D800FC48A8 /* UserInfo.swift */ = {isa = PBXFileReference; lastKnownFileType = sourcecode.swift; path = UserInfo.swift; sourceTree = "<group>"; };
		2970627B2ACAC1D100FC48A8 /* MainViewController.swift */ = {isa = PBXFileReference; lastKnownFileType = sourcecode.swift; path = MainViewController.swift; sourceTree = "<group>"; };
		2970633D2ACC229500FC48A8 /* HomeViewController.swift */ = {isa = PBXFileReference; lastKnownFileType = sourcecode.swift; path = HomeViewController.swift; sourceTree = "<group>"; };
		297063402ACC294600FC48A8 /* FeedTableViewCell.swift */ = {isa = PBXFileReference; lastKnownFileType = sourcecode.swift; path = FeedTableViewCell.swift; sourceTree = "<group>"; };
		297063412ACC294600FC48A8 /* FeedTableViewCell.xib */ = {isa = PBXFileReference; lastKnownFileType = file.xib; path = FeedTableViewCell.xib; sourceTree = "<group>"; };
		297063442ACC372E00FC48A8 /* StoryTableViewCell.swift */ = {isa = PBXFileReference; lastKnownFileType = sourcecode.swift; path = StoryTableViewCell.swift; sourceTree = "<group>"; };
		297063452ACC372E00FC48A8 /* StoryTableViewCell.xib */ = {isa = PBXFileReference; lastKnownFileType = file.xib; path = StoryTableViewCell.xib; sourceTree = "<group>"; };
		297063482ACC3C8B00FC48A8 /* StoryCollectionViewCell.swift */ = {isa = PBXFileReference; lastKnownFileType = sourcecode.swift; path = StoryCollectionViewCell.swift; sourceTree = "<group>"; };
		297063492ACC3C8B00FC48A8 /* StoryCollectionViewCell.xib */ = {isa = PBXFileReference; lastKnownFileType = file.xib; path = StoryCollectionViewCell.xib; sourceTree = "<group>"; };
		2984A9002B122A69009BDF9F /* FeedUploadInput.swift */ = {isa = PBXFileReference; lastKnownFileType = sourcecode.swift; path = FeedUploadInput.swift; sourceTree = "<group>"; };
		2984A9022B122AB6009BDF9F /* FeedUploadModel.swift */ = {isa = PBXFileReference; lastKnownFileType = sourcecode.swift; path = FeedUploadModel.swift; sourceTree = "<group>"; };
		2984A9042B122BA2009BDF9F /* FeedUploadDataManager.swift */ = {isa = PBXFileReference; lastKnownFileType = sourcecode.swift; path = FeedUploadDataManager.swift; sourceTree = "<group>"; };
		29C0EC732AE528DE0075D4A1 /* PostCollectionViewCell.swift */ = {isa = PBXFileReference; lastKnownFileType = sourcecode.swift; path = PostCollectionViewCell.swift; sourceTree = "<group>"; };
		29C0EC742AE528DE0075D4A1 /* PostCollectionViewCell.xib */ = {isa = PBXFileReference; lastKnownFileType = file.xib; path = PostCollectionViewCell.xib; sourceTree = "<group>"; };
		29E4C89D2AF932EC0099A3D1 /* FeedAPIInput.swift */ = {isa = PBXFileReference; lastKnownFileType = sourcecode.swift; path = FeedAPIInput.swift; sourceTree = "<group>"; };
		29E4C89F2AF932FB0099A3D1 /* FeedModel.swift */ = {isa = PBXFileReference; lastKnownFileType = sourcecode.swift; path = FeedModel.swift; sourceTree = "<group>"; };
		29E4C8A12AF933600099A3D1 /* FeedDataManger.swift */ = {isa = PBXFileReference; lastKnownFileType = sourcecode.swift; path = FeedDataManger.swift; sourceTree = "<group>"; };
		42401F976AE7EFE83158BC94 /* Pods-UMC-Udemy-Study.release.xcconfig */ = {isa = PBXFileReference; includeInIndex = 1; lastKnownFileType = text.xcconfig; name = "Pods-UMC-Udemy-Study.release.xcconfig"; path = "Target Support Files/Pods-UMC-Udemy-Study/Pods-UMC-Udemy-Study.release.xcconfig"; sourceTree = "<group>"; };
		58EFD28B8C61BF28E2F8B54B /* Pods-UMC-Udemy-Study-UMC-Udemy-StudyUITests.debug.xcconfig */ = {isa = PBXFileReference; includeInIndex = 1; lastKnownFileType = text.xcconfig; name = "Pods-UMC-Udemy-Study-UMC-Udemy-StudyUITests.debug.xcconfig"; path = "Target Support Files/Pods-UMC-Udemy-Study-UMC-Udemy-StudyUITests/Pods-UMC-Udemy-Study-UMC-Udemy-StudyUITests.debug.xcconfig"; sourceTree = "<group>"; };
		7F5BC885EB8E958AE10274F1 /* Pods-UMC-Udemy-Study.debug.xcconfig */ = {isa = PBXFileReference; includeInIndex = 1; lastKnownFileType = text.xcconfig; name = "Pods-UMC-Udemy-Study.debug.xcconfig"; path = "Target Support Files/Pods-UMC-Udemy-Study/Pods-UMC-Udemy-Study.debug.xcconfig"; sourceTree = "<group>"; };
		82B9CD54C476C9AD2F0265BC /* Pods_UMC_Udemy_Study_UMC_Udemy_StudyUITests.framework */ = {isa = PBXFileReference; explicitFileType = wrapper.framework; includeInIndex = 0; path = Pods_UMC_Udemy_Study_UMC_Udemy_StudyUITests.framework; sourceTree = BUILT_PRODUCTS_DIR; };
		AA1BB09D2E6656860214882F /* Pods_UMC_Udemy_StudyTests.framework */ = {isa = PBXFileReference; explicitFileType = wrapper.framework; includeInIndex = 0; path = Pods_UMC_Udemy_StudyTests.framework; sourceTree = BUILT_PRODUCTS_DIR; };
		BC4B3A2D66F91DA40D8BD118 /* Pods-UMC-Udemy-StudyTests.debug.xcconfig */ = {isa = PBXFileReference; includeInIndex = 1; lastKnownFileType = text.xcconfig; name = "Pods-UMC-Udemy-StudyTests.debug.xcconfig"; path = "Target Support Files/Pods-UMC-Udemy-StudyTests/Pods-UMC-Udemy-StudyTests.debug.xcconfig"; sourceTree = "<group>"; };
		CC50C64C7EE050FB57360CA1 /* Pods-UMC-Udemy-StudyTests.release.xcconfig */ = {isa = PBXFileReference; includeInIndex = 1; lastKnownFileType = text.xcconfig; name = "Pods-UMC-Udemy-StudyTests.release.xcconfig"; path = "Target Support Files/Pods-UMC-Udemy-StudyTests/Pods-UMC-Udemy-StudyTests.release.xcconfig"; sourceTree = "<group>"; };
		F1980FB7820E0BFC4ED80EA6 /* Pods-UMC-Udemy-Study-UMC-Udemy-StudyUITests.release.xcconfig */ = {isa = PBXFileReference; includeInIndex = 1; lastKnownFileType = text.xcconfig; name = "Pods-UMC-Udemy-Study-UMC-Udemy-StudyUITests.release.xcconfig"; path = "Target Support Files/Pods-UMC-Udemy-Study-UMC-Udemy-StudyUITests/Pods-UMC-Udemy-Study-UMC-Udemy-StudyUITests.release.xcconfig"; sourceTree = "<group>"; };
		FE2227463D00D88E7623DF41 /* Pods_UMC_Udemy_Study.framework */ = {isa = PBXFileReference; explicitFileType = wrapper.framework; includeInIndex = 0; path = Pods_UMC_Udemy_Study.framework; sourceTree = BUILT_PRODUCTS_DIR; };
/* End PBXFileReference section */

/* Begin PBXFrameworksBuildPhase section */
		295089EC2AC94CD6004062D4 /* Frameworks */ = {
			isa = PBXFrameworksBuildPhase;
			buildActionMask = 2147483647;
			files = (
				EC3A0DC71C1D201346A395B3 /* Pods_UMC_Udemy_Study.framework in Frameworks */,
			);
			runOnlyForDeploymentPostprocessing = 0;
		};
		29508A022AC94CD7004062D4 /* Frameworks */ = {
			isa = PBXFrameworksBuildPhase;
			buildActionMask = 2147483647;
			files = (
				1B30D5D4FA9B80CB6240110F /* Pods_UMC_Udemy_StudyTests.framework in Frameworks */,
			);
			runOnlyForDeploymentPostprocessing = 0;
		};
		29508A0C2AC94CD7004062D4 /* Frameworks */ = {
			isa = PBXFrameworksBuildPhase;
			buildActionMask = 2147483647;
			files = (
				1963471AB1FE4424425DC2C0 /* Pods_UMC_Udemy_Study_UMC_Udemy_StudyUITests.framework in Frameworks */,
			);
			runOnlyForDeploymentPostprocessing = 0;
		};
/* End PBXFrameworksBuildPhase section */

/* Begin PBXGroup section */
		29237D792B2F290F00BE751D /* App */ = {
			isa = PBXGroup;
			children = (
				295089F22AC94CD6004062D4 /* AppDelegate.swift */,
				295089F42AC94CD6004062D4 /* SceneDelegate.swift */,
			);
			path = App;
			sourceTree = "<group>";
		};
		29237D7A2B2F293900BE751D /* Profile */ = {
			isa = PBXGroup;
			children = (
				29237D7D2B2F2B8700BE751D /* UserFeedDataManager */,
				29C0EC722AE528710075D4A1 /* PostCell */,
				29C0EC712AE528620075D4A1 /* ProfileCell */,
				29002BB12AE412FE0086DD25 /* ProfileViewController.swift */,
			);
			path = Profile;
			sourceTree = "<group>";
		};
		29237D7B2B2F294900BE751D /* Authentication */ = {
			isa = PBXGroup;
			children = (
				29508A222AC97CCB004062D4 /* LoginViewController.swift */,
				29508A262AC984EF004062D4 /* RegisterViewController.swift */,
			);
			path = Authentication;
			sourceTree = "<group>";
		};
		29237D7C2B2F298300BE751D /* Home */ = {
			isa = PBXGroup;
			children = (
				2984A8FF2B122A52009BDF9F /* FeedUploadDataManager */,
				29E4C89C2AF932C70099A3D1 /* FeedDataManager */,
				2970633F2ACC28A900FC48A8 /* Cell */,
				2970633D2ACC229500FC48A8 /* HomeViewController.swift */,
			);
			path = Home;
			sourceTree = "<group>";
		};
		29237D7D2B2F2B8700BE751D /* UserFeedDataManager */ = {
			isa = PBXGroup;
			children = (
				29237D7E2B2F2BA700BE751D /* UserFeedModel.swift */,
				29237D802B2F3B5C00BE751D /* UserFeedDataManager.swift */,
			);
			path = UserFeedDataManager;
			sourceTree = "<group>";
		};
		29237D822B2F436100BE751D /* UserInterface */ = {
			isa = PBXGroup;
			children = (
				2970627B2ACAC1D100FC48A8 /* MainViewController.swift */,
			);
			path = UserInterface;
			sourceTree = "<group>";
		};
		295089E62AC94CD6004062D4 = {
			isa = PBXGroup;
			children = (
				295089F12AC94CD6004062D4 /* UMC-Udemy-Study */,
				29508A082AC94CD7004062D4 /* UMC-Udemy-StudyTests */,
				29508A122AC94CD7004062D4 /* UMC-Udemy-StudyUITests */,
				295089F02AC94CD6004062D4 /* Products */,
				FAF3E645EE1A58192CB760FF /* Pods */,
				3A991E5A518E16B1B6120AA6 /* Frameworks */,
			);
			sourceTree = "<group>";
		};
		295089F02AC94CD6004062D4 /* Products */ = {
			isa = PBXGroup;
			children = (
				295089EF2AC94CD6004062D4 /* UMC-Udemy-Study.app */,
				29508A052AC94CD7004062D4 /* UMC-Udemy-StudyTests.xctest */,
				29508A0F2AC94CD7004062D4 /* UMC-Udemy-StudyUITests.xctest */,
			);
			name = Products;
			sourceTree = "<group>";
		};
		295089F12AC94CD6004062D4 /* UMC-Udemy-Study */ = {
			isa = PBXGroup;
			children = (
				29237D792B2F290F00BE751D /* App */,
				29237D822B2F436100BE751D /* UserInterface */,
				29237D7C2B2F298300BE751D /* Home */,
				29237D7A2B2F293900BE751D /* Profile */,
				29237D7B2B2F294900BE751D /* Authentication */,
				295089F82AC94CD6004062D4 /* Main.storyboard */,
				295089FB2AC94CD7004062D4 /* Assets.xcassets */,
				295089FD2AC94CD7004062D4 /* LaunchScreen.storyboard */,
				29508A002AC94CD7004062D4 /* Info.plist */,
				29508A282ACA9AAC004062D4 /* UIView+Extenstion.swift */,
				297062772ACAB5D800FC48A8 /* UserInfo.swift */,
			);
			path = "UMC-Udemy-Study";
			sourceTree = "<group>";
		};
		29508A082AC94CD7004062D4 /* UMC-Udemy-StudyTests */ = {
			isa = PBXGroup;
			children = (
				29508A092AC94CD7004062D4 /* UMC_Udemy_StudyTests.swift */,
			);
			path = "UMC-Udemy-StudyTests";
			sourceTree = "<group>";
		};
		29508A122AC94CD7004062D4 /* UMC-Udemy-StudyUITests */ = {
			isa = PBXGroup;
			children = (
				29508A132AC94CD7004062D4 /* UMC_Udemy_StudyUITests.swift */,
				29508A152AC94CD7004062D4 /* UMC_Udemy_StudyUITestsLaunchTests.swift */,
			);
			path = "UMC-Udemy-StudyUITests";
			sourceTree = "<group>";
		};
		2970633F2ACC28A900FC48A8 /* Cell */ = {
			isa = PBXGroup;
			children = (
				297063402ACC294600FC48A8 /* FeedTableViewCell.swift */,
				297063412ACC294600FC48A8 /* FeedTableViewCell.xib */,
				297063442ACC372E00FC48A8 /* StoryTableViewCell.swift */,
				297063452ACC372E00FC48A8 /* StoryTableViewCell.xib */,
				297063482ACC3C8B00FC48A8 /* StoryCollectionViewCell.swift */,
				297063492ACC3C8B00FC48A8 /* StoryCollectionViewCell.xib */,
			);
			path = Cell;
			sourceTree = "<group>";
		};
		2984A8FF2B122A52009BDF9F /* FeedUploadDataManager */ = {
			isa = PBXGroup;
			children = (
				2984A9002B122A69009BDF9F /* FeedUploadInput.swift */,
				2984A9022B122AB6009BDF9F /* FeedUploadModel.swift */,
				2984A9042B122BA2009BDF9F /* FeedUploadDataManager.swift */,
			);
			path = FeedUploadDataManager;
			sourceTree = "<group>";
		};
		29C0EC712AE528620075D4A1 /* ProfileCell */ = {
			isa = PBXGroup;
			children = (
				29002BB52AE418200086DD25 /* ProfileCollectionViewCell.swift */,
				29002BB62AE418200086DD25 /* ProfileCollectionViewCell.xib */,
			);
			path = ProfileCell;
			sourceTree = "<group>";
		};
		29C0EC722AE528710075D4A1 /* PostCell */ = {
			isa = PBXGroup;
			children = (
				29C0EC732AE528DE0075D4A1 /* PostCollectionViewCell.swift */,
				29C0EC742AE528DE0075D4A1 /* PostCollectionViewCell.xib */,
			);
			path = PostCell;
			sourceTree = "<group>";
		};
		29E4C89C2AF932C70099A3D1 /* FeedDataManager */ = {
			isa = PBXGroup;
			children = (
				29E4C89D2AF932EC0099A3D1 /* FeedAPIInput.swift */,
				29E4C89F2AF932FB0099A3D1 /* FeedModel.swift */,
				29E4C8A12AF933600099A3D1 /* FeedDataManger.swift */,
			);
			path = FeedDataManager;
			sourceTree = "<group>";
		};
		3A991E5A518E16B1B6120AA6 /* Frameworks */ = {
			isa = PBXGroup;
			children = (
				FE2227463D00D88E7623DF41 /* Pods_UMC_Udemy_Study.framework */,
				82B9CD54C476C9AD2F0265BC /* Pods_UMC_Udemy_Study_UMC_Udemy_StudyUITests.framework */,
				AA1BB09D2E6656860214882F /* Pods_UMC_Udemy_StudyTests.framework */,
			);
			name = Frameworks;
			sourceTree = "<group>";
		};
		FAF3E645EE1A58192CB760FF /* Pods */ = {
			isa = PBXGroup;
			children = (
				7F5BC885EB8E958AE10274F1 /* Pods-UMC-Udemy-Study.debug.xcconfig */,
				42401F976AE7EFE83158BC94 /* Pods-UMC-Udemy-Study.release.xcconfig */,
				58EFD28B8C61BF28E2F8B54B /* Pods-UMC-Udemy-Study-UMC-Udemy-StudyUITests.debug.xcconfig */,
				F1980FB7820E0BFC4ED80EA6 /* Pods-UMC-Udemy-Study-UMC-Udemy-StudyUITests.release.xcconfig */,
				BC4B3A2D66F91DA40D8BD118 /* Pods-UMC-Udemy-StudyTests.debug.xcconfig */,
				CC50C64C7EE050FB57360CA1 /* Pods-UMC-Udemy-StudyTests.release.xcconfig */,
			);
			path = Pods;
			sourceTree = "<group>";
		};
/* End PBXGroup section */

/* Begin PBXNativeTarget section */
		295089EE2AC94CD6004062D4 /* UMC-Udemy-Study */ = {
			isa = PBXNativeTarget;
			buildConfigurationList = 29508A192AC94CD7004062D4 /* Build configuration list for PBXNativeTarget "UMC-Udemy-Study" */;
			buildPhases = (
				5B5FA47677359A0E2D44EC4D /* [CP] Check Pods Manifest.lock */,
				295089EB2AC94CD6004062D4 /* Sources */,
				295089EC2AC94CD6004062D4 /* Frameworks */,
				295089ED2AC94CD6004062D4 /* Resources */,
				F617B0EB36227D904F243B07 /* [CP] Embed Pods Frameworks */,
			);
			buildRules = (
			);
			dependencies = (
			);
			name = "UMC-Udemy-Study";
			productName = "UMC-Udemy-Study";
			productReference = 295089EF2AC94CD6004062D4 /* UMC-Udemy-Study.app */;
			productType = "com.apple.product-type.application";
		};
		29508A042AC94CD7004062D4 /* UMC-Udemy-StudyTests */ = {
			isa = PBXNativeTarget;
			buildConfigurationList = 29508A1C2AC94CD7004062D4 /* Build configuration list for PBXNativeTarget "UMC-Udemy-StudyTests" */;
			buildPhases = (
				8F65DB0AAB2C1574E82B6341 /* [CP] Check Pods Manifest.lock */,
				29508A012AC94CD7004062D4 /* Sources */,
				29508A022AC94CD7004062D4 /* Frameworks */,
				29508A032AC94CD7004062D4 /* Resources */,
			);
			buildRules = (
			);
			dependencies = (
				29508A072AC94CD7004062D4 /* PBXTargetDependency */,
			);
			name = "UMC-Udemy-StudyTests";
			productName = "UMC-Udemy-StudyTests";
			productReference = 29508A052AC94CD7004062D4 /* UMC-Udemy-StudyTests.xctest */;
			productType = "com.apple.product-type.bundle.unit-test";
		};
		29508A0E2AC94CD7004062D4 /* UMC-Udemy-StudyUITests */ = {
			isa = PBXNativeTarget;
			buildConfigurationList = 29508A1F2AC94CD7004062D4 /* Build configuration list for PBXNativeTarget "UMC-Udemy-StudyUITests" */;
			buildPhases = (
				7094984CF35FF8E059B7D56B /* [CP] Check Pods Manifest.lock */,
				29508A0B2AC94CD7004062D4 /* Sources */,
				29508A0C2AC94CD7004062D4 /* Frameworks */,
				29508A0D2AC94CD7004062D4 /* Resources */,
				90B4E62BA2EC36F991F55B97 /* [CP] Embed Pods Frameworks */,
			);
			buildRules = (
			);
			dependencies = (
				29508A112AC94CD7004062D4 /* PBXTargetDependency */,
			);
			name = "UMC-Udemy-StudyUITests";
			productName = "UMC-Udemy-StudyUITests";
			productReference = 29508A0F2AC94CD7004062D4 /* UMC-Udemy-StudyUITests.xctest */;
			productType = "com.apple.product-type.bundle.ui-testing";
		};
/* End PBXNativeTarget section */

/* Begin PBXProject section */
		295089E72AC94CD6004062D4 /* Project object */ = {
			isa = PBXProject;
			attributes = {
				BuildIndependentTargetsInParallel = 1;
				LastSwiftUpdateCheck = 1420;
				LastUpgradeCheck = 1420;
				TargetAttributes = {
					295089EE2AC94CD6004062D4 = {
						CreatedOnToolsVersion = 14.2;
					};
					29508A042AC94CD7004062D4 = {
						CreatedOnToolsVersion = 14.2;
						TestTargetID = 295089EE2AC94CD6004062D4;
					};
					29508A0E2AC94CD7004062D4 = {
						CreatedOnToolsVersion = 14.2;
						TestTargetID = 295089EE2AC94CD6004062D4;
					};
				};
			};
			buildConfigurationList = 295089EA2AC94CD6004062D4 /* Build configuration list for PBXProject "UMC-Udemy-Study" */;
			compatibilityVersion = "Xcode 14.0";
			developmentRegion = en;
			hasScannedForEncodings = 0;
			knownRegions = (
				en,
				Base,
			);
			mainGroup = 295089E62AC94CD6004062D4;
			productRefGroup = 295089F02AC94CD6004062D4 /* Products */;
			projectDirPath = "";
			projectRoot = "";
			targets = (
				295089EE2AC94CD6004062D4 /* UMC-Udemy-Study */,
				29508A042AC94CD7004062D4 /* UMC-Udemy-StudyTests */,
				29508A0E2AC94CD7004062D4 /* UMC-Udemy-StudyUITests */,
			);
		};
/* End PBXProject section */

/* Begin PBXResourcesBuildPhase section */
		295089ED2AC94CD6004062D4 /* Resources */ = {
			isa = PBXResourcesBuildPhase;
			buildActionMask = 2147483647;
			files = (
				29C0EC762AE528DE0075D4A1 /* PostCollectionViewCell.xib in Resources */,
				295089FF2AC94CD7004062D4 /* LaunchScreen.storyboard in Resources */,
				297063432ACC294600FC48A8 /* FeedTableViewCell.xib in Resources */,
				295089FC2AC94CD7004062D4 /* Assets.xcassets in Resources */,
				29002BB82AE418200086DD25 /* ProfileCollectionViewCell.xib in Resources */,
				297063472ACC372E00FC48A8 /* StoryTableViewCell.xib in Resources */,
				2970634B2ACC3C8B00FC48A8 /* StoryCollectionViewCell.xib in Resources */,
				295089FA2AC94CD6004062D4 /* Main.storyboard in Resources */,
			);
			runOnlyForDeploymentPostprocessing = 0;
		};
		29508A032AC94CD7004062D4 /* Resources */ = {
			isa = PBXResourcesBuildPhase;
			buildActionMask = 2147483647;
			files = (
			);
			runOnlyForDeploymentPostprocessing = 0;
		};
		29508A0D2AC94CD7004062D4 /* Resources */ = {
			isa = PBXResourcesBuildPhase;
			buildActionMask = 2147483647;
			files = (
			);
			runOnlyForDeploymentPostprocessing = 0;
		};
/* End PBXResourcesBuildPhase section */

/* Begin PBXShellScriptBuildPhase section */
		5B5FA47677359A0E2D44EC4D /* [CP] Check Pods Manifest.lock */ = {
			isa = PBXShellScriptBuildPhase;
			buildActionMask = 2147483647;
			files = (
			);
			inputFileListPaths = (
			);
			inputPaths = (
				"${PODS_PODFILE_DIR_PATH}/Podfile.lock",
				"${PODS_ROOT}/Manifest.lock",
			);
			name = "[CP] Check Pods Manifest.lock";
			outputFileListPaths = (
			);
			outputPaths = (
				"$(DERIVED_FILE_DIR)/Pods-UMC-Udemy-Study-checkManifestLockResult.txt",
			);
			runOnlyForDeploymentPostprocessing = 0;
			shellPath = /bin/sh;
			shellScript = "diff \"${PODS_PODFILE_DIR_PATH}/Podfile.lock\" \"${PODS_ROOT}/Manifest.lock\" > /dev/null\nif [ $? != 0 ] ; then\n    # print error to STDERR\n    echo \"error: The sandbox is not in sync with the Podfile.lock. Run 'pod install' or update your CocoaPods installation.\" >&2\n    exit 1\nfi\n# This output is used by Xcode 'outputs' to avoid re-running this script phase.\necho \"SUCCESS\" > \"${SCRIPT_OUTPUT_FILE_0}\"\n";
			showEnvVarsInLog = 0;
		};
		7094984CF35FF8E059B7D56B /* [CP] Check Pods Manifest.lock */ = {
			isa = PBXShellScriptBuildPhase;
			buildActionMask = 2147483647;
			files = (
			);
			inputFileListPaths = (
			);
			inputPaths = (
				"${PODS_PODFILE_DIR_PATH}/Podfile.lock",
				"${PODS_ROOT}/Manifest.lock",
			);
			name = "[CP] Check Pods Manifest.lock";
			outputFileListPaths = (
			);
			outputPaths = (
				"$(DERIVED_FILE_DIR)/Pods-UMC-Udemy-Study-UMC-Udemy-StudyUITests-checkManifestLockResult.txt",
			);
			runOnlyForDeploymentPostprocessing = 0;
			shellPath = /bin/sh;
			shellScript = "diff \"${PODS_PODFILE_DIR_PATH}/Podfile.lock\" \"${PODS_ROOT}/Manifest.lock\" > /dev/null\nif [ $? != 0 ] ; then\n    # print error to STDERR\n    echo \"error: The sandbox is not in sync with the Podfile.lock. Run 'pod install' or update your CocoaPods installation.\" >&2\n    exit 1\nfi\n# This output is used by Xcode 'outputs' to avoid re-running this script phase.\necho \"SUCCESS\" > \"${SCRIPT_OUTPUT_FILE_0}\"\n";
			showEnvVarsInLog = 0;
		};
		8F65DB0AAB2C1574E82B6341 /* [CP] Check Pods Manifest.lock */ = {
			isa = PBXShellScriptBuildPhase;
			buildActionMask = 2147483647;
			files = (
			);
			inputFileListPaths = (
			);
			inputPaths = (
				"${PODS_PODFILE_DIR_PATH}/Podfile.lock",
				"${PODS_ROOT}/Manifest.lock",
			);
			name = "[CP] Check Pods Manifest.lock";
			outputFileListPaths = (
			);
			outputPaths = (
				"$(DERIVED_FILE_DIR)/Pods-UMC-Udemy-StudyTests-checkManifestLockResult.txt",
			);
			runOnlyForDeploymentPostprocessing = 0;
			shellPath = /bin/sh;
			shellScript = "diff \"${PODS_PODFILE_DIR_PATH}/Podfile.lock\" \"${PODS_ROOT}/Manifest.lock\" > /dev/null\nif [ $? != 0 ] ; then\n    # print error to STDERR\n    echo \"error: The sandbox is not in sync with the Podfile.lock. Run 'pod install' or update your CocoaPods installation.\" >&2\n    exit 1\nfi\n# This output is used by Xcode 'outputs' to avoid re-running this script phase.\necho \"SUCCESS\" > \"${SCRIPT_OUTPUT_FILE_0}\"\n";
			showEnvVarsInLog = 0;
		};
		90B4E62BA2EC36F991F55B97 /* [CP] Embed Pods Frameworks */ = {
			isa = PBXShellScriptBuildPhase;
			buildActionMask = 2147483647;
			files = (
			);
			inputFileListPaths = (
				"${PODS_ROOT}/Target Support Files/Pods-UMC-Udemy-Study-UMC-Udemy-StudyUITests/Pods-UMC-Udemy-Study-UMC-Udemy-StudyUITests-frameworks-${CONFIGURATION}-input-files.xcfilelist",
			);
			name = "[CP] Embed Pods Frameworks";
			outputFileListPaths = (
				"${PODS_ROOT}/Target Support Files/Pods-UMC-Udemy-Study-UMC-Udemy-StudyUITests/Pods-UMC-Udemy-Study-UMC-Udemy-StudyUITests-frameworks-${CONFIGURATION}-output-files.xcfilelist",
			);
			runOnlyForDeploymentPostprocessing = 0;
			shellPath = /bin/sh;
			shellScript = "\"${PODS_ROOT}/Target Support Files/Pods-UMC-Udemy-Study-UMC-Udemy-StudyUITests/Pods-UMC-Udemy-Study-UMC-Udemy-StudyUITests-frameworks.sh\"\n";
			showEnvVarsInLog = 0;
		};
		F617B0EB36227D904F243B07 /* [CP] Embed Pods Frameworks */ = {
			isa = PBXShellScriptBuildPhase;
			buildActionMask = 2147483647;
			files = (
			);
			inputFileListPaths = (
				"${PODS_ROOT}/Target Support Files/Pods-UMC-Udemy-Study/Pods-UMC-Udemy-Study-frameworks-${CONFIGURATION}-input-files.xcfilelist",
			);
			name = "[CP] Embed Pods Frameworks";
			outputFileListPaths = (
				"${PODS_ROOT}/Target Support Files/Pods-UMC-Udemy-Study/Pods-UMC-Udemy-Study-frameworks-${CONFIGURATION}-output-files.xcfilelist",
			);
			runOnlyForDeploymentPostprocessing = 0;
			shellPath = /bin/sh;
			shellScript = "\"${PODS_ROOT}/Target Support Files/Pods-UMC-Udemy-Study/Pods-UMC-Udemy-Study-frameworks.sh\"\n";
			showEnvVarsInLog = 0;
		};
/* End PBXShellScriptBuildPhase section */

/* Begin PBXSourcesBuildPhase section */
		295089EB2AC94CD6004062D4 /* Sources */ = {
			isa = PBXSourcesBuildPhase;
			buildActionMask = 2147483647;
			files = (
				2970627C2ACAC1D100FC48A8 /* MainViewController.swift in Sources */,
				29508A292ACA9AAC004062D4 /* UIView+Extenstion.swift in Sources */,
				29E4C89E2AF932EC0099A3D1 /* FeedAPIInput.swift in Sources */,
				2970634A2ACC3C8B00FC48A8 /* StoryCollectionViewCell.swift in Sources */,
				2984A9032B122AB6009BDF9F /* FeedUploadModel.swift in Sources */,
				29508A232AC97CCB004062D4 /* LoginViewController.swift in Sources */,
				2984A9012B122A69009BDF9F /* FeedUploadInput.swift in Sources */,
				2970633E2ACC229500FC48A8 /* HomeViewController.swift in Sources */,
				295089F32AC94CD6004062D4 /* AppDelegate.swift in Sources */,
				29237D812B2F3B5C00BE751D /* UserFeedDataManager.swift in Sources */,
				29002BB22AE412FE0086DD25 /* ProfileViewController.swift in Sources */,
				295089F52AC94CD6004062D4 /* SceneDelegate.swift in Sources */,
				29002BB72AE418200086DD25 /* ProfileCollectionViewCell.swift in Sources */,
				2984A9052B122BA2009BDF9F /* FeedUploadDataManager.swift in Sources */,
				297062782ACAB5D800FC48A8 /* UserInfo.swift in Sources */,
				29E4C8A22AF933600099A3D1 /* FeedDataManger.swift in Sources */,
				297063422ACC294600FC48A8 /* FeedTableViewCell.swift in Sources */,
				29508A272AC984EF004062D4 /* RegisterViewController.swift in Sources */,
				29C0EC752AE528DE0075D4A1 /* PostCollectionViewCell.swift in Sources */,
				29237D7F2B2F2BA700BE751D /* UserFeedModel.swift in Sources */,
				297063462ACC372E00FC48A8 /* StoryTableViewCell.swift in Sources */,
				29E4C8A02AF932FB0099A3D1 /* FeedModel.swift in Sources */,
			);
			runOnlyForDeploymentPostprocessing = 0;
		};
		29508A012AC94CD7004062D4 /* Sources */ = {
			isa = PBXSourcesBuildPhase;
			buildActionMask = 2147483647;
			files = (
				29508A0A2AC94CD7004062D4 /* UMC_Udemy_StudyTests.swift in Sources */,
			);
			runOnlyForDeploymentPostprocessing = 0;
		};
		29508A0B2AC94CD7004062D4 /* Sources */ = {
			isa = PBXSourcesBuildPhase;
			buildActionMask = 2147483647;
			files = (
				29508A142AC94CD7004062D4 /* UMC_Udemy_StudyUITests.swift in Sources */,
				29508A162AC94CD7004062D4 /* UMC_Udemy_StudyUITestsLaunchTests.swift in Sources */,
			);
			runOnlyForDeploymentPostprocessing = 0;
		};
/* End PBXSourcesBuildPhase section */

/* Begin PBXTargetDependency section */
		29508A072AC94CD7004062D4 /* PBXTargetDependency */ = {
			isa = PBXTargetDependency;
			target = 295089EE2AC94CD6004062D4 /* UMC-Udemy-Study */;
			targetProxy = 29508A062AC94CD7004062D4 /* PBXContainerItemProxy */;
		};
		29508A112AC94CD7004062D4 /* PBXTargetDependency */ = {
			isa = PBXTargetDependency;
			target = 295089EE2AC94CD6004062D4 /* UMC-Udemy-Study */;
			targetProxy = 29508A102AC94CD7004062D4 /* PBXContainerItemProxy */;
		};
/* End PBXTargetDependency section */

/* Begin PBXVariantGroup section */
		295089F82AC94CD6004062D4 /* Main.storyboard */ = {
			isa = PBXVariantGroup;
			children = (
				295089F92AC94CD6004062D4 /* Base */,
			);
			name = Main.storyboard;
			sourceTree = "<group>";
		};
		295089FD2AC94CD7004062D4 /* LaunchScreen.storyboard */ = {
			isa = PBXVariantGroup;
			children = (
				295089FE2AC94CD7004062D4 /* Base */,
			);
			name = LaunchScreen.storyboard;
			sourceTree = "<group>";
		};
/* End PBXVariantGroup section */

/* Begin XCBuildConfiguration section */
		29508A172AC94CD7004062D4 /* Debug */ = {
			isa = XCBuildConfiguration;
			buildSettings = {
				ALWAYS_SEARCH_USER_PATHS = NO;
				CLANG_ANALYZER_NONNULL = YES;
				CLANG_ANALYZER_NUMBER_OBJECT_CONVERSION = YES_AGGRESSIVE;
				CLANG_CXX_LANGUAGE_STANDARD = "gnu++20";
				CLANG_ENABLE_MODULES = YES;
				CLANG_ENABLE_OBJC_ARC = YES;
				CLANG_ENABLE_OBJC_WEAK = YES;
				CLANG_WARN_BLOCK_CAPTURE_AUTORELEASING = YES;
				CLANG_WARN_BOOL_CONVERSION = YES;
				CLANG_WARN_COMMA = YES;
				CLANG_WARN_CONSTANT_CONVERSION = YES;
				CLANG_WARN_DEPRECATED_OBJC_IMPLEMENTATIONS = YES;
				CLANG_WARN_DIRECT_OBJC_ISA_USAGE = YES_ERROR;
				CLANG_WARN_DOCUMENTATION_COMMENTS = YES;
				CLANG_WARN_EMPTY_BODY = YES;
				CLANG_WARN_ENUM_CONVERSION = YES;
				CLANG_WARN_INFINITE_RECURSION = YES;
				CLANG_WARN_INT_CONVERSION = YES;
				CLANG_WARN_NON_LITERAL_NULL_CONVERSION = YES;
				CLANG_WARN_OBJC_IMPLICIT_RETAIN_SELF = YES;
				CLANG_WARN_OBJC_LITERAL_CONVERSION = YES;
				CLANG_WARN_OBJC_ROOT_CLASS = YES_ERROR;
				CLANG_WARN_QUOTED_INCLUDE_IN_FRAMEWORK_HEADER = YES;
				CLANG_WARN_RANGE_LOOP_ANALYSIS = YES;
				CLANG_WARN_STRICT_PROTOTYPES = YES;
				CLANG_WARN_SUSPICIOUS_MOVE = YES;
				CLANG_WARN_UNGUARDED_AVAILABILITY = YES_AGGRESSIVE;
				CLANG_WARN_UNREACHABLE_CODE = YES;
				CLANG_WARN__DUPLICATE_METHOD_MATCH = YES;
				COPY_PHASE_STRIP = NO;
				DEBUG_INFORMATION_FORMAT = dwarf;
				ENABLE_STRICT_OBJC_MSGSEND = YES;
				ENABLE_TESTABILITY = YES;
				GCC_C_LANGUAGE_STANDARD = gnu11;
				GCC_DYNAMIC_NO_PIC = NO;
				GCC_NO_COMMON_BLOCKS = YES;
				GCC_OPTIMIZATION_LEVEL = 0;
				GCC_PREPROCESSOR_DEFINITIONS = (
					"DEBUG=1",
					"$(inherited)",
				);
				GCC_WARN_64_TO_32_BIT_CONVERSION = YES;
				GCC_WARN_ABOUT_RETURN_TYPE = YES_ERROR;
				GCC_WARN_UNDECLARED_SELECTOR = YES;
				GCC_WARN_UNINITIALIZED_AUTOS = YES_AGGRESSIVE;
				GCC_WARN_UNUSED_FUNCTION = YES;
				GCC_WARN_UNUSED_VARIABLE = YES;
				IPHONEOS_DEPLOYMENT_TARGET = 16.2;
				MTL_ENABLE_DEBUG_INFO = INCLUDE_SOURCE;
				MTL_FAST_MATH = YES;
				ONLY_ACTIVE_ARCH = YES;
				SDKROOT = iphoneos;
				SWIFT_ACTIVE_COMPILATION_CONDITIONS = DEBUG;
				SWIFT_OPTIMIZATION_LEVEL = "-Onone";
			};
			name = Debug;
		};
		29508A182AC94CD7004062D4 /* Release */ = {
			isa = XCBuildConfiguration;
			buildSettings = {
				ALWAYS_SEARCH_USER_PATHS = NO;
				CLANG_ANALYZER_NONNULL = YES;
				CLANG_ANALYZER_NUMBER_OBJECT_CONVERSION = YES_AGGRESSIVE;
				CLANG_CXX_LANGUAGE_STANDARD = "gnu++20";
				CLANG_ENABLE_MODULES = YES;
				CLANG_ENABLE_OBJC_ARC = YES;
				CLANG_ENABLE_OBJC_WEAK = YES;
				CLANG_WARN_BLOCK_CAPTURE_AUTORELEASING = YES;
				CLANG_WARN_BOOL_CONVERSION = YES;
				CLANG_WARN_COMMA = YES;
				CLANG_WARN_CONSTANT_CONVERSION = YES;
				CLANG_WARN_DEPRECATED_OBJC_IMPLEMENTATIONS = YES;
				CLANG_WARN_DIRECT_OBJC_ISA_USAGE = YES_ERROR;
				CLANG_WARN_DOCUMENTATION_COMMENTS = YES;
				CLANG_WARN_EMPTY_BODY = YES;
				CLANG_WARN_ENUM_CONVERSION = YES;
				CLANG_WARN_INFINITE_RECURSION = YES;
				CLANG_WARN_INT_CONVERSION = YES;
				CLANG_WARN_NON_LITERAL_NULL_CONVERSION = YES;
				CLANG_WARN_OBJC_IMPLICIT_RETAIN_SELF = YES;
				CLANG_WARN_OBJC_LITERAL_CONVERSION = YES;
				CLANG_WARN_OBJC_ROOT_CLASS = YES_ERROR;
				CLANG_WARN_QUOTED_INCLUDE_IN_FRAMEWORK_HEADER = YES;
				CLANG_WARN_RANGE_LOOP_ANALYSIS = YES;
				CLANG_WARN_STRICT_PROTOTYPES = YES;
				CLANG_WARN_SUSPICIOUS_MOVE = YES;
				CLANG_WARN_UNGUARDED_AVAILABILITY = YES_AGGRESSIVE;
				CLANG_WARN_UNREACHABLE_CODE = YES;
				CLANG_WARN__DUPLICATE_METHOD_MATCH = YES;
				COPY_PHASE_STRIP = NO;
				DEBUG_INFORMATION_FORMAT = "dwarf-with-dsym";
				ENABLE_NS_ASSERTIONS = NO;
				ENABLE_STRICT_OBJC_MSGSEND = YES;
				GCC_C_LANGUAGE_STANDARD = gnu11;
				GCC_NO_COMMON_BLOCKS = YES;
				GCC_WARN_64_TO_32_BIT_CONVERSION = YES;
				GCC_WARN_ABOUT_RETURN_TYPE = YES_ERROR;
				GCC_WARN_UNDECLARED_SELECTOR = YES;
				GCC_WARN_UNINITIALIZED_AUTOS = YES_AGGRESSIVE;
				GCC_WARN_UNUSED_FUNCTION = YES;
				GCC_WARN_UNUSED_VARIABLE = YES;
				IPHONEOS_DEPLOYMENT_TARGET = 16.2;
				MTL_ENABLE_DEBUG_INFO = NO;
				MTL_FAST_MATH = YES;
				SDKROOT = iphoneos;
				SWIFT_COMPILATION_MODE = wholemodule;
				SWIFT_OPTIMIZATION_LEVEL = "-O";
				VALIDATE_PRODUCT = YES;
			};
			name = Release;
		};
		29508A1A2AC94CD7004062D4 /* Debug */ = {
			isa = XCBuildConfiguration;
			baseConfigurationReference = 7F5BC885EB8E958AE10274F1 /* Pods-UMC-Udemy-Study.debug.xcconfig */;
			buildSettings = {
				ASSETCATALOG_COMPILER_APPICON_NAME = AppIcon;
				ASSETCATALOG_COMPILER_GLOBAL_ACCENT_COLOR_NAME = AccentColor;
				CODE_SIGN_STYLE = Automatic;
				CURRENT_PROJECT_VERSION = 1;
				DEVELOPMENT_TEAM = 5JFDFGPT2B;
				GENERATE_INFOPLIST_FILE = YES;
				INFOPLIST_FILE = "UMC-Udemy-Study/Info.plist";
				INFOPLIST_KEY_UIApplicationSupportsIndirectInputEvents = YES;
				INFOPLIST_KEY_UILaunchStoryboardName = LaunchScreen;
				INFOPLIST_KEY_UIMainStoryboardFile = Main;
				INFOPLIST_KEY_UISupportedInterfaceOrientations_iPad = "UIInterfaceOrientationPortrait UIInterfaceOrientationPortraitUpsideDown UIInterfaceOrientationLandscapeLeft UIInterfaceOrientationLandscapeRight";
				INFOPLIST_KEY_UISupportedInterfaceOrientations_iPhone = "UIInterfaceOrientationPortrait UIInterfaceOrientationLandscapeLeft UIInterfaceOrientationLandscapeRight";
				LD_RUNPATH_SEARCH_PATHS = (
					"$(inherited)",
					"@executable_path/Frameworks",
				);
				MARKETING_VERSION = 1.0;
				PRODUCT_BUNDLE_IDENTIFIER = "choi76.UMC-Udemy-Study";
				PRODUCT_NAME = "$(TARGET_NAME)";
				SWIFT_EMIT_LOC_STRINGS = YES;
				SWIFT_VERSION = 5.0;
				TARGETED_DEVICE_FAMILY = "1,2";
			};
			name = Debug;
		};
		29508A1B2AC94CD7004062D4 /* Release */ = {
			isa = XCBuildConfiguration;
			baseConfigurationReference = 42401F976AE7EFE83158BC94 /* Pods-UMC-Udemy-Study.release.xcconfig */;
			buildSettings = {
				ASSETCATALOG_COMPILER_APPICON_NAME = AppIcon;
				ASSETCATALOG_COMPILER_GLOBAL_ACCENT_COLOR_NAME = AccentColor;
				CODE_SIGN_STYLE = Automatic;
				CURRENT_PROJECT_VERSION = 1;
				DEVELOPMENT_TEAM = 5JFDFGPT2B;
				GENERATE_INFOPLIST_FILE = YES;
				INFOPLIST_FILE = "UMC-Udemy-Study/Info.plist";
				INFOPLIST_KEY_UIApplicationSupportsIndirectInputEvents = YES;
				INFOPLIST_KEY_UILaunchStoryboardName = LaunchScreen;
				INFOPLIST_KEY_UIMainStoryboardFile = Main;
				INFOPLIST_KEY_UISupportedInterfaceOrientations_iPad = "UIInterfaceOrientationPortrait UIInterfaceOrientationPortraitUpsideDown UIInterfaceOrientationLandscapeLeft UIInterfaceOrientationLandscapeRight";
				INFOPLIST_KEY_UISupportedInterfaceOrientations_iPhone = "UIInterfaceOrientationPortrait UIInterfaceOrientationLandscapeLeft UIInterfaceOrientationLandscapeRight";
				LD_RUNPATH_SEARCH_PATHS = (
					"$(inherited)",
					"@executable_path/Frameworks",
				);
				MARKETING_VERSION = 1.0;
				PRODUCT_BUNDLE_IDENTIFIER = "choi76.UMC-Udemy-Study";
				PRODUCT_NAME = "$(TARGET_NAME)";
				SWIFT_EMIT_LOC_STRINGS = YES;
				SWIFT_VERSION = 5.0;
				TARGETED_DEVICE_FAMILY = "1,2";
			};
			name = Release;
		};
		29508A1D2AC94CD7004062D4 /* Debug */ = {
			isa = XCBuildConfiguration;
			baseConfigurationReference = BC4B3A2D66F91DA40D8BD118 /* Pods-UMC-Udemy-StudyTests.debug.xcconfig */;
			buildSettings = {
				ALWAYS_EMBED_SWIFT_STANDARD_LIBRARIES = YES;
				BUNDLE_LOADER = "$(TEST_HOST)";
				CODE_SIGN_STYLE = Automatic;
				CURRENT_PROJECT_VERSION = 1;
				DEVELOPMENT_TEAM = 5JFDFGPT2B;
				GENERATE_INFOPLIST_FILE = YES;
				IPHONEOS_DEPLOYMENT_TARGET = 16.2;
				MARKETING_VERSION = 1.0;
				PRODUCT_BUNDLE_IDENTIFIER = "choi76.UMC-Udemy-StudyTests";
				PRODUCT_NAME = "$(TARGET_NAME)";
				SWIFT_EMIT_LOC_STRINGS = NO;
				SWIFT_VERSION = 5.0;
				TARGETED_DEVICE_FAMILY = "1,2";
				TEST_HOST = "$(BUILT_PRODUCTS_DIR)/UMC-Udemy-Study.app/$(BUNDLE_EXECUTABLE_FOLDER_PATH)/UMC-Udemy-Study";
			};
			name = Debug;
		};
		29508A1E2AC94CD7004062D4 /* Release */ = {
			isa = XCBuildConfiguration;
			baseConfigurationReference = CC50C64C7EE050FB57360CA1 /* Pods-UMC-Udemy-StudyTests.release.xcconfig */;
			buildSettings = {
				ALWAYS_EMBED_SWIFT_STANDARD_LIBRARIES = YES;
				BUNDLE_LOADER = "$(TEST_HOST)";
				CODE_SIGN_STYLE = Automatic;
				CURRENT_PROJECT_VERSION = 1;
				DEVELOPMENT_TEAM = 5JFDFGPT2B;
				GENERATE_INFOPLIST_FILE = YES;
				IPHONEOS_DEPLOYMENT_TARGET = 16.2;
				MARKETING_VERSION = 1.0;
				PRODUCT_BUNDLE_IDENTIFIER = "choi76.UMC-Udemy-StudyTests";
				PRODUCT_NAME = "$(TARGET_NAME)";
				SWIFT_EMIT_LOC_STRINGS = NO;
				SWIFT_VERSION = 5.0;
				TARGETED_DEVICE_FAMILY = "1,2";
				TEST_HOST = "$(BUILT_PRODUCTS_DIR)/UMC-Udemy-Study.app/$(BUNDLE_EXECUTABLE_FOLDER_PATH)/UMC-Udemy-Study";
			};
			name = Release;
		};
		29508A202AC94CD7004062D4 /* Debug */ = {
			isa = XCBuildConfiguration;
			baseConfigurationReference = 58EFD28B8C61BF28E2F8B54B /* Pods-UMC-Udemy-Study-UMC-Udemy-StudyUITests.debug.xcconfig */;
			buildSettings = {
				ALWAYS_EMBED_SWIFT_STANDARD_LIBRARIES = YES;
				CODE_SIGN_STYLE = Automatic;
				CURRENT_PROJECT_VERSION = 1;
				DEVELOPMENT_TEAM = 5JFDFGPT2B;
				GENERATE_INFOPLIST_FILE = YES;
				MARKETING_VERSION = 1.0;
				PRODUCT_BUNDLE_IDENTIFIER = "choi76.UMC-Udemy-StudyUITests";
				PRODUCT_NAME = "$(TARGET_NAME)";
				SWIFT_EMIT_LOC_STRINGS = NO;
				SWIFT_VERSION = 5.0;
				TARGETED_DEVICE_FAMILY = "1,2";
				TEST_TARGET_NAME = "UMC-Udemy-Study";
			};
			name = Debug;
		};
		29508A212AC94CD7004062D4 /* Release */ = {
			isa = XCBuildConfiguration;
			baseConfigurationReference = F1980FB7820E0BFC4ED80EA6 /* Pods-UMC-Udemy-Study-UMC-Udemy-StudyUITests.release.xcconfig */;
			buildSettings = {
				ALWAYS_EMBED_SWIFT_STANDARD_LIBRARIES = YES;
				CODE_SIGN_STYLE = Automatic;
				CURRENT_PROJECT_VERSION = 1;
				DEVELOPMENT_TEAM = 5JFDFGPT2B;
				GENERATE_INFOPLIST_FILE = YES;
				MARKETING_VERSION = 1.0;
				PRODUCT_BUNDLE_IDENTIFIER = "choi76.UMC-Udemy-StudyUITests";
				PRODUCT_NAME = "$(TARGET_NAME)";
				SWIFT_EMIT_LOC_STRINGS = NO;
				SWIFT_VERSION = 5.0;
				TARGETED_DEVICE_FAMILY = "1,2";
				TEST_TARGET_NAME = "UMC-Udemy-Study";
			};
			name = Release;
		};
/* End XCBuildConfiguration section */

/* Begin XCConfigurationList section */
		295089EA2AC94CD6004062D4 /* Build configuration list for PBXProject "UMC-Udemy-Study" */ = {
			isa = XCConfigurationList;
			buildConfigurations = (
				29508A172AC94CD7004062D4 /* Debug */,
				29508A182AC94CD7004062D4 /* Release */,
			);
			defaultConfigurationIsVisible = 0;
			defaultConfigurationName = Release;
		};
		29508A192AC94CD7004062D4 /* Build configuration list for PBXNativeTarget "UMC-Udemy-Study" */ = {
			isa = XCConfigurationList;
			buildConfigurations = (
				29508A1A2AC94CD7004062D4 /* Debug */,
				29508A1B2AC94CD7004062D4 /* Release */,
			);
			defaultConfigurationIsVisible = 0;
			defaultConfigurationName = Release;
		};
		29508A1C2AC94CD7004062D4 /* Build configuration list for PBXNativeTarget "UMC-Udemy-StudyTests" */ = {
			isa = XCConfigurationList;
			buildConfigurations = (
				29508A1D2AC94CD7004062D4 /* Debug */,
				29508A1E2AC94CD7004062D4 /* Release */,
			);
			defaultConfigurationIsVisible = 0;
			defaultConfigurationName = Release;
		};
		29508A1F2AC94CD7004062D4 /* Build configuration list for PBXNativeTarget "UMC-Udemy-StudyUITests" */ = {
			isa = XCConfigurationList;
			buildConfigurations = (
				29508A202AC94CD7004062D4 /* Debug */,
				29508A212AC94CD7004062D4 /* Release */,
			);
			defaultConfigurationIsVisible = 0;
			defaultConfigurationName = Release;
		};
/* End XCConfigurationList section */
	};
	rootObject = 295089E72AC94CD6004062D4 /* Project object */;
}
